{
  "name": "shine-js-test",
  "version": "0.0.1",
  "lockfileVersion": 1,
  "requires": true,
  "dependencies": {
    "coffee-script": {
      "version": "1.6.3",
      "resolved": "https://registry.npmjs.org/coffee-script/-/coffee-script-1.6.3.tgz",
      "integrity": "sha1-Y1XTLPGwTN/2tITl5xF4Ky8MOb4="
    },
    "debug": {
      "version": "2.6.8",
      "resolved": "https://registry.npmjs.org/debug/-/debug-2.6.8.tgz",
      "integrity": "sha1-5zFTHKLt4n0YgiJCfaF4IdaP9Pw=",
      "requires": {
        "ms": "2.0.0"
      }
    },
    "ms": {
      "version": "2.0.0",
      "resolved": "https://registry.npmjs.org/ms/-/ms-2.0.0.tgz",
      "integrity": "sha1-VgiurfwAvmwpAd9fmGF4jeDVl8g="
    },
    "readable-stream": {
      "version": "0.0.4",
      "resolved": "https://registry.npmjs.org/readable-stream/-/readable-stream-0.0.4.tgz",
      "integrity": "sha1-8y124/uGM0SlSNeZIwBxc2ZbO40="
    },
    "stream-parser": {
      "version": "0.3.1",
      "resolved": "https://registry.npmjs.org/stream-parser/-/stream-parser-0.3.1.tgz",
      "integrity": "sha1-FhhUhpRCACGhGC/wrxkRwSl2F3M=",
      "requires": {
        "debug": "2.6.8"
      }
    },
    "wav": {
      "version": "0.1.0",
      "resolved": "https://registry.npmjs.org/wav/-/wav-0.1.0.tgz",
      "integrity": "sha1-5wTSp2nqIz858tZ5Xout1l9YsAk=",
      "requires": {
        "debug": "2.6.8",
        "readable-stream": "0.0.4",
        "stream-parser": "0.3.1"
      }
    }
  }
}
