PODS:
  - mobile-ffmpeg-full (2.2)
  - NMEasyTipView (1.2)

DEPENDENCIES:
  - mobile-ffmpeg-full (~> 2.2)
  - NMEasyTipView (~> 1.1)

SPEC REPOS:
  https://github.com/cocoapods/specs.git:
    - mobile-ffmpeg-full
    - NMEasyTipView

SPEC CHECKSUMS:
  mobile-ffmpeg-full: 407167d28fcf65e0b781dc1c630a090f69a42414
  NMEasyTipView: 04948bb8ee01b22957095e1427be972115b57d02

PODFILE CHECKSUM: cdc7b490fa9bd23b40b904416033f0f7654ac920

COCOAPODS: 1.6.0.beta.2
