PODS:
  - mobile-ffmpeg-full (2.0)

DEPENDENCIES:
  - mobile-ffmpeg-full (~> 2.0)

SPEC REPOS:
  https://github.com/cocoapods/specs.git:
    - mobile-ffmpeg-full

SPEC CHECKSUMS:
  mobile-ffmpeg-full: d5f9608fa8b6a1d2fc98aae15e45acd457a97460

PODFILE CHECKSUM: c5348fa9f3cd9b75a77702d04a4ef9f3663a3131

COCOAPODS: 1.5.3
