PODS:
  - mobile-ffmpeg-full (2.1.1)
  - NMEasyTipView (1.1)

DEPENDENCIES:
  - mobile-ffmpeg-full (~> 2.1.1)
  - NMEasyTipView (~> 1.1)

SPEC REPOS:
  https://github.com/cocoapods/specs.git:
    - mobile-ffmpeg-full
    - NMEasyTipView

SPEC CHECKSUMS:
  mobile-ffmpeg-full: 0de151a529a551b14b1791c5c26c7d303b30843f
  NMEasyTipView: bc922627c42ac81d18ac5795dc5424b6cdeca798

PODFILE CHECKSUM: 5d1b4bcb1622b5969122c1808c6192ac2e37a6bb

COCOAPODS: 1.6.0.beta.1
