// !$*UTF8*$!
{
	archiveVersion = 1;
	classes = {
	};
	objectVersion = 48;
	objects = {

/* Begin PBXBuildFile section */
		340FABBE2115A17600B33CE7 /* VidStabViewController.h in Headers */ = {isa = PBXBuildFile; fileRef = 340FABBC2115A17600B33CE7 /* VidStabViewController.h */; };
		340FABBF2115A17600B33CE7 /* VidStabViewController.m in Sources */ = {isa = PBXBuildFile; fileRef = 340FABBD2115A17600B33CE7 /* VidStabViewController.m */; };
		3423D267217F7CC100C3C7ED /* MediaInformationParserTests.m in Sources */ = {isa = PBXBuildFile; fileRef = 3423D266217F7CC100C3C7ED /* MediaInformationParserTests.m */; };
		3423D269217F7D4E00C3C7ED /* MediaInformationParserTests.h in Headers */ = {isa = PBXBuildFile; fileRef = 3423D268217F7D4E00C3C7ED /* MediaInformationParserTests.h */; };
		343E66B5210784BD00F95E5B /* HttpsViewController.h in Headers */ = {isa = PBXBuildFile; fileRef = 343E66B3210784BD00F95E5B /* HttpsViewController.h */; };
		343E66B6210784BD00F95E5B /* HttpsViewController.m in Sources */ = {isa = PBXBuildFile; fileRef = 343E66B4210784BD00F95E5B /* HttpsViewController.m */; };
		343E66B9210789DE00F95E5B /* Constants.h in Headers */ = {isa = PBXBuildFile; fileRef = 343E66B7210789DE00F95E5B /* Constants.h */; };
		343E67052107AD0100F95E5B /* Util.h in Headers */ = {isa = PBXBuildFile; fileRef = 343E67032107AD0100F95E5B /* Util.h */; };
		343E67062107AD0100F95E5B /* Util.m in Sources */ = {isa = PBXBuildFile; fileRef = 343E67042107AD0100F95E5B /* Util.m */; };
		343E67092107C27600F95E5B /* TabBarController.h in Headers */ = {isa = PBXBuildFile; fileRef = 343E67072107C27600F95E5B /* TabBarController.h */; };
		343E670A2107C27600F95E5B /* TabBarController.m in Sources */ = {isa = PBXBuildFile; fileRef = 343E67082107C27600F95E5B /* TabBarController.m */; };
		3457454B2113B8AD00059043 /* AudioViewController.h in Headers */ = {isa = PBXBuildFile; fileRef = 345745492113B8AD00059043 /* AudioViewController.h */; };
		3457454C2113B8AD00059043 /* AudioViewController.m in Sources */ = {isa = PBXBuildFile; fileRef = 3457454A2113B8AD00059043 /* AudioViewController.m */; };
		3457454F2113B8D300059043 /* SubtitleViewController.h in Headers */ = {isa = PBXBuildFile; fileRef = 3457454D2113B8D300059043 /* SubtitleViewController.h */; };
		345745502113B8D300059043 /* SubtitleViewController.m in Sources */ = {isa = PBXBuildFile; fileRef = 3457454E2113B8D300059043 /* SubtitleViewController.m */; };
		3468758221CD32C000D242EF /* LICENSE in Resources */ = {isa = PBXBuildFile; fileRef = 346874DF21CD32C000D242EF /* LICENSE */; };
		3468758321CD32C000D242EF /* ArchDetect.h in Headers */ = {isa = PBXBuildFile; fileRef = 346874E121CD32C000D242EF /* ArchDetect.h */; };
		3468758421CD32C000D242EF /* mobileffmpeg_exception.h in Headers */ = {isa = PBXBuildFile; fileRef = 346874E221CD32C000D242EF /* mobileffmpeg_exception.h */; };
		3468758521CD32C000D242EF /* MobileFFmpegConfig.h in Headers */ = {isa = PBXBuildFile; fileRef = 346874E321CD32C000D242EF /* MobileFFmpegConfig.h */; };
		3468758621CD32C000D242EF /* version.h in Headers */ = {isa = PBXBuildFile; fileRef = 346874E521CD32C000D242EF /* version.h */; };
		3468758721CD32C000D242EF /* buffersrc.h in Headers */ = {isa = PBXBuildFile; fileRef = 346874E621CD32C000D242EF /* buffersrc.h */; };
		3468758821CD32C000D242EF /* buffersink.h in Headers */ = {isa = PBXBuildFile; fileRef = 346874E721CD32C000D242EF /* buffersink.h */; };
		3468758921CD32C000D242EF /* avfilter.h in Headers */ = {isa = PBXBuildFile; fileRef = 346874E821CD32C000D242EF /* avfilter.h */; };
		3468758A21CD32C000D242EF /* reverse.h in Headers */ = {isa = PBXBuildFile; fileRef = 346874EA21CD32C000D242EF /* reverse.h */; };
		3468758B21CD32C000D242EF /* hwcontext.h in Headers */ = {isa = PBXBuildFile; fileRef = 346874EB21CD32C000D242EF /* hwcontext.h */; };
		3468758C21CD32C000D242EF /* time.h in Headers */ = {isa = PBXBuildFile; fileRef = 346874EC21CD32C000D242EF /* time.h */; };
		3468758D21CD32C000D242EF /* hwcontext_cuda.h in Headers */ = {isa = PBXBuildFile; fileRef = 346874ED21CD32C000D242EF /* hwcontext_cuda.h */; };
		3468758E21CD32C000D242EF /* intfloat.h in Headers */ = {isa = PBXBuildFile; fileRef = 346874EE21CD32C000D242EF /* intfloat.h */; };
		3468758F21CD32C000D242EF /* error.h in Headers */ = {isa = PBXBuildFile; fileRef = 346874EF21CD32C000D242EF /* error.h */; };
		3468759021CD32C000D242EF /* fifo.h in Headers */ = {isa = PBXBuildFile; fileRef = 346874F021CD32C000D242EF /* fifo.h */; };
		3468759121CD32C000D242EF /* blowfish.h in Headers */ = {isa = PBXBuildFile; fileRef = 346874F121CD32C000D242EF /* blowfish.h */; };
		3468759221CD32C000D242EF /* hwcontext_mediacodec.h in Headers */ = {isa = PBXBuildFile; fileRef = 346874F221CD32C000D242EF /* hwcontext_mediacodec.h */; };
		3468759321CD32C000D242EF /* replaygain.h in Headers */ = {isa = PBXBuildFile; fileRef = 346874F321CD32C000D242EF /* replaygain.h */; };
		3468759421CD32C000D242EF /* internal.h in Headers */ = {isa = PBXBuildFile; fileRef = 346874F421CD32C000D242EF /* internal.h */; };
		3468759521CD32C000D242EF /* version.h in Headers */ = {isa = PBXBuildFile; fileRef = 346874F521CD32C000D242EF /* version.h */; };
		3468759621CD32C000D242EF /* murmur3.h in Headers */ = {isa = PBXBuildFile; fileRef = 346874F621CD32C000D242EF /* murmur3.h */; };
		3468759721CD32C000D242EF /* stereo3d.h in Headers */ = {isa = PBXBuildFile; fileRef = 346874F721CD32C000D242EF /* stereo3d.h */; };
		3468759821CD32C000D242EF /* samplefmt.h in Headers */ = {isa = PBXBuildFile; fileRef = 346874F821CD32C000D242EF /* samplefmt.h */; };
		3468759921CD32C000D242EF /* pixdesc.h in Headers */ = {isa = PBXBuildFile; fileRef = 346874F921CD32C000D242EF /* pixdesc.h */; };
		3468759A21CD32C000D242EF /* base64.h in Headers */ = {isa = PBXBuildFile; fileRef = 346874FA21CD32C000D242EF /* base64.h */; };
		3468759B21CD32C000D242EF /* rational.h in Headers */ = {isa = PBXBuildFile; fileRef = 346874FB21CD32C000D242EF /* rational.h */; };
		3468759C21CD32C000D242EF /* sha.h in Headers */ = {isa = PBXBuildFile; fileRef = 346874FC21CD32C000D242EF /* sha.h */; };
		3468759D21CD32C000D242EF /* motion_vector.h in Headers */ = {isa = PBXBuildFile; fileRef = 346874FD21CD32C000D242EF /* motion_vector.h */; };
		3468759E21CD32C000D242EF /* avconfig.h in Headers */ = {isa = PBXBuildFile; fileRef = 346874FE21CD32C000D242EF /* avconfig.h */; };
		3468759F21CD32C000D242EF /* lfg.h in Headers */ = {isa = PBXBuildFile; fileRef = 346874FF21CD32C000D242EF /* lfg.h */; };
		346875A021CD32C000D242EF /* avutil.h in Headers */ = {isa = PBXBuildFile; fileRef = 3468750021CD32C000D242EF /* avutil.h */; };
		346875A121CD32C000D242EF /* xtea.h in Headers */ = {isa = PBXBuildFile; fileRef = 3468750121CD32C000D242EF /* xtea.h */; };
		346875A221CD32C000D242EF /* crc.h in Headers */ = {isa = PBXBuildFile; fileRef = 3468750221CD32C000D242EF /* crc.h */; };
		346875A321CD32C000D242EF /* hwcontext_vdpau.h in Headers */ = {isa = PBXBuildFile; fileRef = 3468750321CD32C000D242EF /* hwcontext_vdpau.h */; };
		346875A421CD32C000D242EF /* frame.h in Headers */ = {isa = PBXBuildFile; fileRef = 3468750421CD32C000D242EF /* frame.h */; };
		346875A521CD32C000D242EF /* file.h in Headers */ = {isa = PBXBuildFile; fileRef = 3468750521CD32C000D242EF /* file.h */; };
		346875A621CD32C000D242EF /* md5.h in Headers */ = {isa = PBXBuildFile; fileRef = 3468750621CD32C000D242EF /* md5.h */; };
		346875A721CD32C000D242EF /* cast5.h in Headers */ = {isa = PBXBuildFile; fileRef = 3468750721CD32C000D242EF /* cast5.h */; };
		346875A821CD32C000D242EF /* hwcontext_vaapi.h in Headers */ = {isa = PBXBuildFile; fileRef = 3468750821CD32C000D242EF /* hwcontext_vaapi.h */; };
		346875A921CD32C000D242EF /* spherical.h in Headers */ = {isa = PBXBuildFile; fileRef = 3468750921CD32C000D242EF /* spherical.h */; };
		346875AA21CD32C000D242EF /* ffversion.h in Headers */ = {isa = PBXBuildFile; fileRef = 3468750A21CD32C000D242EF /* ffversion.h */; };
		346875AB21CD32C000D242EF /* audio_fifo.h in Headers */ = {isa = PBXBuildFile; fileRef = 3468750B21CD32C000D242EF /* audio_fifo.h */; };
		346875AC21CD32C000D242EF /* tree.h in Headers */ = {isa = PBXBuildFile; fileRef = 3468750C21CD32C000D242EF /* tree.h */; };
		346875AD21CD32C000D242EF /* threadmessage.h in Headers */ = {isa = PBXBuildFile; fileRef = 3468750D21CD32C000D242EF /* threadmessage.h */; };
		346875AE21CD32C000D242EF /* attributes.h in Headers */ = {isa = PBXBuildFile; fileRef = 3468750E21CD32C000D242EF /* attributes.h */; };
		346875AF21CD32C000D242EF /* adler32.h in Headers */ = {isa = PBXBuildFile; fileRef = 3468750F21CD32C000D242EF /* adler32.h */; };
		346875B021CD32C000D242EF /* hwcontext_d3d11va.h in Headers */ = {isa = PBXBuildFile; fileRef = 3468751021CD32C000D242EF /* hwcontext_d3d11va.h */; };
		346875B121CD32C000D242EF /* timecode.h in Headers */ = {isa = PBXBuildFile; fileRef = 3468751121CD32C000D242EF /* timecode.h */; };
		346875B221CD32C000D242EF /* sha512.h in Headers */ = {isa = PBXBuildFile; fileRef = 3468751221CD32C000D242EF /* sha512.h */; };
		346875B321CD32C000D242EF /* timer.h in Headers */ = {isa = PBXBuildFile; fileRef = 3468751321CD32C000D242EF /* timer.h */; };
		346875B421CD32C000D242EF /* hwcontext_dxva2.h in Headers */ = {isa = PBXBuildFile; fileRef = 3468751421CD32C000D242EF /* hwcontext_dxva2.h */; };
		346875B521CD32C000D242EF /* display.h in Headers */ = {isa = PBXBuildFile; fileRef = 3468751521CD32C000D242EF /* display.h */; };
		346875B621CD32C000D242EF /* buffer.h in Headers */ = {isa = PBXBuildFile; fileRef = 3468751621CD32C000D242EF /* buffer.h */; };
		346875B721CD32C000D242EF /* camellia.h in Headers */ = {isa = PBXBuildFile; fileRef = 3468751721CD32C000D242EF /* camellia.h */; };
		346875B821CD32C000D242EF /* thread.h in Headers */ = {isa = PBXBuildFile; fileRef = 3468751821CD32C000D242EF /* thread.h */; };
		346875B921CD32C000D242EF /* pixelutils.h in Headers */ = {isa = PBXBuildFile; fileRef = 3468751921CD32C000D242EF /* pixelutils.h */; };
		346875BA21CD32C000D242EF /* hwcontext_drm.h in Headers */ = {isa = PBXBuildFile; fileRef = 3468751A21CD32C000D242EF /* hwcontext_drm.h */; };
		346875BB21CD32C000D242EF /* common.h in Headers */ = {isa = PBXBuildFile; fileRef = 3468751B21CD32C000D242EF /* common.h */; };
		346875BC21CD32C000D242EF /* hmac.h in Headers */ = {isa = PBXBuildFile; fileRef = 3468751C21CD32C000D242EF /* hmac.h */; };
		346875BD21CD32C000D242EF /* eval.h in Headers */ = {isa = PBXBuildFile; fileRef = 3468751D21CD32C000D242EF /* eval.h */; };
		346875BE21CD32C000D242EF /* dict.h in Headers */ = {isa = PBXBuildFile; fileRef = 3468751E21CD32C000D242EF /* dict.h */; };
		346875BF21CD32C000D242EF /* random_seed.h in Headers */ = {isa = PBXBuildFile; fileRef = 3468751F21CD32C000D242EF /* random_seed.h */; };
		346875C021CD32C000D242EF /* opt.h in Headers */ = {isa = PBXBuildFile; fileRef = 3468752021CD32C000D242EF /* opt.h */; };
		346875C121CD32C000D242EF /* mastering_display_metadata.h in Headers */ = {isa = PBXBuildFile; fileRef = 3468752121CD32C000D242EF /* mastering_display_metadata.h */; };
		346875C221CD32C000D242EF /* log.h in Headers */ = {isa = PBXBuildFile; fileRef = 3468752221CD32C000D242EF /* log.h */; };
		346875C321CD32C000D242EF /* aes.h in Headers */ = {isa = PBXBuildFile; fileRef = 3468752321CD32C000D242EF /* aes.h */; };
		346875C421CD32C000D242EF /* macros.h in Headers */ = {isa = PBXBuildFile; fileRef = 3468752421CD32C000D242EF /* macros.h */; };
		346875C521CD32C000D242EF /* bswap.h in Headers */ = {isa = PBXBuildFile; fileRef = 3468752521CD32C000D242EF /* bswap.h */; };
		346875C621CD32C000D242EF /* asm.h in Headers */ = {isa = PBXBuildFile; fileRef = 3468752721CD32C000D242EF /* asm.h */; };
		346875C721CD32C000D242EF /* timer.h in Headers */ = {isa = PBXBuildFile; fileRef = 3468752821CD32C000D242EF /* timer.h */; };
		346875C821CD32C000D242EF /* emms.h in Headers */ = {isa = PBXBuildFile; fileRef = 3468752921CD32C000D242EF /* emms.h */; };
		346875C921CD32C000D242EF /* rc4.h in Headers */ = {isa = PBXBuildFile; fileRef = 3468752A21CD32C000D242EF /* rc4.h */; };
		346875CA21CD32C000D242EF /* tea.h in Headers */ = {isa = PBXBuildFile; fileRef = 3468752B21CD32C000D242EF /* tea.h */; };
		346875CB21CD32C000D242EF /* cpu.h in Headers */ = {isa = PBXBuildFile; fileRef = 3468752C21CD32C000D242EF /* cpu.h */; };
		346875CC21CD32C000D242EF /* lzo.h in Headers */ = {isa = PBXBuildFile; fileRef = 3468752D21CD32C000D242EF /* lzo.h */; };
		346875CD21CD32C000D242EF /* des.h in Headers */ = {isa = PBXBuildFile; fileRef = 3468752E21CD32C000D242EF /* des.h */; };
		346875CE21CD32C000D242EF /* channel_layout.h in Headers */ = {isa = PBXBuildFile; fileRef = 3468752F21CD32C000D242EF /* channel_layout.h */; };
		346875CF21CD32C000D242EF /* encryption_info.h in Headers */ = {isa = PBXBuildFile; fileRef = 3468753021CD32C000D242EF /* encryption_info.h */; };
		346875D021CD32C000D242EF /* twofish.h in Headers */ = {isa = PBXBuildFile; fileRef = 3468753121CD32C000D242EF /* twofish.h */; };
		346875D121CD32C000D242EF /* imgutils.h in Headers */ = {isa = PBXBuildFile; fileRef = 3468753221CD32C000D242EF /* imgutils.h */; };
		346875D221CD32C000D242EF /* hwcontext_videotoolbox.h in Headers */ = {isa = PBXBuildFile; fileRef = 3468753321CD32C000D242EF /* hwcontext_videotoolbox.h */; };
		346875D321CD32C000D242EF /* libm.h in Headers */ = {isa = PBXBuildFile; fileRef = 3468753421CD32C000D242EF /* libm.h */; };
		346875D421CD32C000D242EF /* mem.h in Headers */ = {isa = PBXBuildFile; fileRef = 3468753521CD32C000D242EF /* mem.h */; };
		346875D521CD32C000D242EF /* parseutils.h in Headers */ = {isa = PBXBuildFile; fileRef = 3468753621CD32C000D242EF /* parseutils.h */; };
		346875D621CD32C000D242EF /* timer.h in Headers */ = {isa = PBXBuildFile; fileRef = 3468753821CD32C000D242EF /* timer.h */; };
		346875D721CD32C000D242EF /* ripemd.h in Headers */ = {isa = PBXBuildFile; fileRef = 3468753921CD32C000D242EF /* ripemd.h */; };
		346875D821CD32C000D242EF /* bprint.h in Headers */ = {isa = PBXBuildFile; fileRef = 3468753A21CD32C000D242EF /* bprint.h */; };
		346875D921CD32C000D242EF /* hwcontext_qsv.h in Headers */ = {isa = PBXBuildFile; fileRef = 3468753B21CD32C000D242EF /* hwcontext_qsv.h */; };
		346875DA21CD32C000D242EF /* pixfmt.h in Headers */ = {isa = PBXBuildFile; fileRef = 3468753C21CD32C000D242EF /* pixfmt.h */; };
		346875DB21CD32C000D242EF /* aes_ctr.h in Headers */ = {isa = PBXBuildFile; fileRef = 3468753D21CD32C000D242EF /* aes_ctr.h */; };
		346875DC21CD32C000D242EF /* timer.h in Headers */ = {isa = PBXBuildFile; fileRef = 3468753F21CD32C000D242EF /* timer.h */; };
		346875DD21CD32C000D242EF /* timestamp.h in Headers */ = {isa = PBXBuildFile; fileRef = 3468754021CD32C000D242EF /* timestamp.h */; };
		346875DE21CD32C000D242EF /* downmix_info.h in Headers */ = {isa = PBXBuildFile; fileRef = 3468754121CD32C000D242EF /* downmix_info.h */; };
		346875DF21CD32C000D242EF /* avassert.h in Headers */ = {isa = PBXBuildFile; fileRef = 3468754221CD32C000D242EF /* avassert.h */; };
		346875E021CD32C000D242EF /* hash.h in Headers */ = {isa = PBXBuildFile; fileRef = 3468754321CD32C000D242EF /* hash.h */; };
		346875E121CD32C000D242EF /* mathematics.h in Headers */ = {isa = PBXBuildFile; fileRef = 3468754421CD32C000D242EF /* mathematics.h */; };
		346875E221CD32C000D242EF /* intreadwrite.h in Headers */ = {isa = PBXBuildFile; fileRef = 3468754521CD32C000D242EF /* intreadwrite.h */; };
		346875E321CD32C000D242EF /* avstring.h in Headers */ = {isa = PBXBuildFile; fileRef = 3468754621CD32C000D242EF /* avstring.h */; };
		346875E421CD32C000D242EF /* config.h in Headers */ = {isa = PBXBuildFile; fileRef = 3468754721CD32C000D242EF /* config.h */; };
		346875E521CD32C000D242EF /* StatisticsDelegate.h in Headers */ = {isa = PBXBuildFile; fileRef = 3468754821CD32C000D242EF /* StatisticsDelegate.h */; };
		346875E621CD32C000D242EF /* version.h in Headers */ = {isa = PBXBuildFile; fileRef = 3468754A21CD32C000D242EF /* version.h */; };
		346875E721CD32C000D242EF /* avdevice.h in Headers */ = {isa = PBXBuildFile; fileRef = 3468754B21CD32C000D242EF /* avdevice.h */; };
		346875E821CD32C000D242EF /* os_support.h in Headers */ = {isa = PBXBuildFile; fileRef = 3468754D21CD32C000D242EF /* os_support.h */; };
		346875E921CD32C000D242EF /* version.h in Headers */ = {isa = PBXBuildFile; fileRef = 3468754E21CD32C000D242EF /* version.h */; };
		346875EA21CD32C000D242EF /* network.h in Headers */ = {isa = PBXBuildFile; fileRef = 3468754F21CD32C000D242EF /* network.h */; };
		346875EB21CD32C000D242EF /* url.h in Headers */ = {isa = PBXBuildFile; fileRef = 3468755021CD32C000D242EF /* url.h */; };
		346875EC21CD32C000D242EF /* avio.h in Headers */ = {isa = PBXBuildFile; fileRef = 3468755121CD32C000D242EF /* avio.h */; };
		346875ED21CD32C000D242EF /* avformat.h in Headers */ = {isa = PBXBuildFile; fileRef = 3468755221CD32C000D242EF /* avformat.h */; };
		346875EE21CD32C000D242EF /* version.h in Headers */ = {isa = PBXBuildFile; fileRef = 3468755421CD32C000D242EF /* version.h */; };
		346875EF21CD32C000D242EF /* swscale.h in Headers */ = {isa = PBXBuildFile; fileRef = 3468755521CD32C000D242EF /* swscale.h */; };
		346875F021CD32C000D242EF /* StreamInformation.h in Headers */ = {isa = PBXBuildFile; fileRef = 3468755621CD32C000D242EF /* StreamInformation.h */; };
		346875F121CD32C000D242EF /* MobileFFmpeg.h in Headers */ = {isa = PBXBuildFile; fileRef = 3468755721CD32C000D242EF /* MobileFFmpeg.h */; };
		346875F221CD32C000D242EF /* adts_parser.h in Headers */ = {isa = PBXBuildFile; fileRef = 3468755921CD32C000D242EF /* adts_parser.h */; };
		346875F321CD32C000D242EF /* avcodec.h in Headers */ = {isa = PBXBuildFile; fileRef = 3468755A21CD32C000D242EF /* avcodec.h */; };
		346875F421CD32C000D242EF /* mathops.h in Headers */ = {isa = PBXBuildFile; fileRef = 3468755B21CD32C000D242EF /* mathops.h */; };
		346875F521CD32C000D242EF /* version.h in Headers */ = {isa = PBXBuildFile; fileRef = 3468755C21CD32C000D242EF /* version.h */; };
		346875F621CD32C000D242EF /* vdpau.h in Headers */ = {isa = PBXBuildFile; fileRef = 3468755D21CD32C000D242EF /* vdpau.h */; };
		346875F721CD32C000D242EF /* qsv.h in Headers */ = {isa = PBXBuildFile; fileRef = 3468755E21CD32C000D242EF /* qsv.h */; };
		346875F821CD32C000D242EF /* vaapi.h in Headers */ = {isa = PBXBuildFile; fileRef = 3468755F21CD32C000D242EF /* vaapi.h */; };
		346875F921CD32C000D242EF /* videotoolbox.h in Headers */ = {isa = PBXBuildFile; fileRef = 3468756021CD32C000D242EF /* videotoolbox.h */; };
		346875FA21CD32C000D242EF /* xvmc.h in Headers */ = {isa = PBXBuildFile; fileRef = 3468756121CD32C000D242EF /* xvmc.h */; };
		346875FB21CD32C000D242EF /* mediacodec.h in Headers */ = {isa = PBXBuildFile; fileRef = 3468756221CD32C000D242EF /* mediacodec.h */; };
		346875FC21CD32C000D242EF /* d3d11va.h in Headers */ = {isa = PBXBuildFile; fileRef = 3468756321CD32C000D242EF /* d3d11va.h */; };
		346875FD21CD32C000D242EF /* avfft.h in Headers */ = {isa = PBXBuildFile; fileRef = 3468756421CD32C000D242EF /* avfft.h */; };
		346875FE21CD32C000D242EF /* jni.h in Headers */ = {isa = PBXBuildFile; fileRef = 3468756521CD32C000D242EF /* jni.h */; };
		346875FF21CD32C000D242EF /* mathops.h in Headers */ = {isa = PBXBuildFile; fileRef = 3468756721CD32C000D242EF /* mathops.h */; };
		3468760021CD32C000D242EF /* dirac.h in Headers */ = {isa = PBXBuildFile; fileRef = 3468756821CD32C000D242EF /* dirac.h */; };
		3468760121CD32C000D242EF /* avdct.h in Headers */ = {isa = PBXBuildFile; fileRef = 3468756921CD32C000D242EF /* avdct.h */; };
		3468760221CD32C000D242EF /* mathops.h in Headers */ = {isa = PBXBuildFile; fileRef = 3468756B21CD32C000D242EF /* mathops.h */; };
		3468760321CD32C000D242EF /* ac3_parser.h in Headers */ = {isa = PBXBuildFile; fileRef = 3468756C21CD32C000D242EF /* ac3_parser.h */; };
		3468760421CD32C000D242EF /* vorbis_parser.h in Headers */ = {isa = PBXBuildFile; fileRef = 3468756D21CD32C000D242EF /* vorbis_parser.h */; };
		3468760521CD32C000D242EF /* dxva2.h in Headers */ = {isa = PBXBuildFile; fileRef = 3468756E21CD32C000D242EF /* dxva2.h */; };
		3468760621CD32C000D242EF /* dv_profile.h in Headers */ = {isa = PBXBuildFile; fileRef = 3468756F21CD32C000D242EF /* dv_profile.h */; };
		3468760721CD32C000D242EF /* MediaInformationParser.h in Headers */ = {isa = PBXBuildFile; fileRef = 3468757021CD32C000D242EF /* MediaInformationParser.h */; };
		3468760821CD32C000D242EF /* LogDelegate.h in Headers */ = {isa = PBXBuildFile; fileRef = 3468757121CD32C000D242EF /* LogDelegate.h */; };
		3468760921CD32C000D242EF /* fftools_cmdutils.h in Headers */ = {isa = PBXBuildFile; fileRef = 3468757221CD32C000D242EF /* fftools_cmdutils.h */; };
		3468760A21CD32C000D242EF /* Statistics.h in Headers */ = {isa = PBXBuildFile; fileRef = 3468757321CD32C000D242EF /* Statistics.h */; };
		3468760B21CD32C000D242EF /* MediaInformation.h in Headers */ = {isa = PBXBuildFile; fileRef = 3468757421CD32C000D242EF /* MediaInformation.h */; };
		3468760C21CD32C000D242EF /* fftools_ffmpeg.h in Headers */ = {isa = PBXBuildFile; fileRef = 3468757521CD32C000D242EF /* fftools_ffmpeg.h */; };
		3468760D21CD32C000D242EF /* version.h in Headers */ = {isa = PBXBuildFile; fileRef = 3468757721CD32C000D242EF /* version.h */; };
		3468760E21CD32C000D242EF /* swresample.h in Headers */ = {isa = PBXBuildFile; fileRef = 3468757821CD32C000D242EF /* swresample.h */; };
		3468760F21CD32C000D242EF /* libswscale.dylib in Frameworks */ = {isa = PBXBuildFile; fileRef = 3468757A21CD32C000D242EF /* libswscale.dylib */; };
		3468761021CD32C000D242EF /* libmobileffmpeg.dylib in Frameworks */ = {isa = PBXBuildFile; fileRef = 3468757B21CD32C000D242EF /* libmobileffmpeg.dylib */; };
		3468761121CD32C000D242EF /* libavformat.dylib in Frameworks */ = {isa = PBXBuildFile; fileRef = 3468757C21CD32C000D242EF /* libavformat.dylib */; };
		3468761221CD32C000D242EF /* libavutil.dylib in Frameworks */ = {isa = PBXBuildFile; fileRef = 3468757D21CD32C000D242EF /* libavutil.dylib */; };
		3468761321CD32C000D242EF /* libavcodec.dylib in Frameworks */ = {isa = PBXBuildFile; fileRef = 3468757E21CD32C000D242EF /* libavcodec.dylib */; };
		3468761421CD32C000D242EF /* libswresample.dylib in Frameworks */ = {isa = PBXBuildFile; fileRef = 3468757F21CD32C000D242EF /* libswresample.dylib */; };
		3468761521CD32C000D242EF /* libavdevice.dylib in Frameworks */ = {isa = PBXBuildFile; fileRef = 3468758021CD32C000D242EF /* libavdevice.dylib */; };
		3468761621CD32C000D242EF /* libavfilter.dylib in Frameworks */ = {isa = PBXBuildFile; fileRef = 3468758121CD32C000D242EF /* libavfilter.dylib */; };
		3468761821CD32DC00D242EF /* strip-frameworks.sh in Resources */ = {isa = PBXBuildFile; fileRef = 3468761721CD32DC00D242EF /* strip-frameworks.sh */; };
		3468761921CD32F000D242EF /* libswscale.dylib in Embed Frameworks */ = {isa = PBXBuildFile; fileRef = 3468757A21CD32C000D242EF /* libswscale.dylib */; settings = {ATTRIBUTES = (CodeSignOnCopy, ); }; };
		3468761A21CD32F000D242EF /* libmobileffmpeg.dylib in Embed Frameworks */ = {isa = PBXBuildFile; fileRef = 3468757B21CD32C000D242EF /* libmobileffmpeg.dylib */; settings = {ATTRIBUTES = (CodeSignOnCopy, ); }; };
		3468761B21CD32F000D242EF /* libavformat.dylib in Embed Frameworks */ = {isa = PBXBuildFile; fileRef = 3468757C21CD32C000D242EF /* libavformat.dylib */; settings = {ATTRIBUTES = (CodeSignOnCopy, ); }; };
		3468761C21CD32F000D242EF /* libavutil.dylib in Embed Frameworks */ = {isa = PBXBuildFile; fileRef = 3468757D21CD32C000D242EF /* libavutil.dylib */; settings = {ATTRIBUTES = (CodeSignOnCopy, ); }; };
		3468761D21CD32F000D242EF /* libavcodec.dylib in Embed Frameworks */ = {isa = PBXBuildFile; fileRef = 3468757E21CD32C000D242EF /* libavcodec.dylib */; settings = {ATTRIBUTES = (CodeSignOnCopy, ); }; };
		3468761E21CD32F000D242EF /* libswresample.dylib in Embed Frameworks */ = {isa = PBXBuildFile; fileRef = 3468757F21CD32C000D242EF /* libswresample.dylib */; settings = {ATTRIBUTES = (CodeSignOnCopy, ); }; };
		3468761F21CD32F000D242EF /* libavdevice.dylib in Embed Frameworks */ = {isa = PBXBuildFile; fileRef = 3468758021CD32C000D242EF /* libavdevice.dylib */; settings = {ATTRIBUTES = (CodeSignOnCopy, ); }; };
		3468762021CD32F000D242EF /* libavfilter.dylib in Embed Frameworks */ = {isa = PBXBuildFile; fileRef = 3468758121CD32C000D242EF /* libavfilter.dylib */; settings = {ATTRIBUTES = (CodeSignOnCopy, ); }; };
		348439ED20B2EFAF001A3990 /* pyramid.jpg in Resources */ = {isa = PBXBuildFile; fileRef = 348439EA20B2EFAF001A3990 /* pyramid.jpg */; };
		348439EE20B2EFAF001A3990 /* tajmahal.jpg in Resources */ = {isa = PBXBuildFile; fileRef = 348439EB20B2EFAF001A3990 /* tajmahal.jpg */; };
		348439EF20B2EFAF001A3990 /* colosseum.jpg in Resources */ = {isa = PBXBuildFile; fileRef = 348439EC20B2EFAF001A3990 /* colosseum.jpg */; };
		34BB547C2109D44800606B7C /* Constants.m in Sources */ = {isa = PBXBuildFile; fileRef = 34BB547B2109D44800606B7C /* Constants.m */; };
		34DC789B21215B5800C3486C /* truenorg.otf in Resources */ = {isa = PBXBuildFile; fileRef = 34DC789721215B5800C3486C /* truenorg.otf */; };
		34DC789C21215B5800C3486C /* subtitle.srt in Resources */ = {isa = PBXBuildFile; fileRef = 34DC789821215B5800C3486C /* subtitle.srt */; };
		34DC789D21215B5800C3486C /* doppioone_regular.ttf in Resources */ = {isa = PBXBuildFile; fileRef = 34DC789921215B5800C3486C /* doppioone_regular.ttf */; };
		34DC789E21215B5800C3486C /* sil_open_font_license.txt in Resources */ = {isa = PBXBuildFile; fileRef = 34DC789A21215B5800C3486C /* sil_open_font_license.txt */; };
		34FAE215209F7DDD005CE2AE /* AppDelegate.m in Sources */ = {isa = PBXBuildFile; fileRef = 34FAE214209F7DDD005CE2AE /* AppDelegate.m */; };
		34FAE218209F7DDD005CE2AE /* CommandViewController.m in Sources */ = {isa = PBXBuildFile; fileRef = 34FAE217209F7DDD005CE2AE /* CommandViewController.m */; };
		34FAE21B209F7DDD005CE2AE /* VideoViewController.m in Sources */ = {isa = PBXBuildFile; fileRef = 34FAE21A209F7DDD005CE2AE /* VideoViewController.m */; };
		34FAE21E209F7DDD005CE2AE /* Main.storyboard in Resources */ = {isa = PBXBuildFile; fileRef = 34FAE21C209F7DDD005CE2AE /* Main.storyboard */; };
		34FAE220209F7DDE005CE2AE /* Assets.xcassets in Resources */ = {isa = PBXBuildFile; fileRef = 34FAE21F209F7DDE005CE2AE /* Assets.xcassets */; };
		34FAE223209F7DDE005CE2AE /* LaunchScreen.storyboard in Resources */ = {isa = PBXBuildFile; fileRef = 34FAE221209F7DDE005CE2AE /* LaunchScreen.storyboard */; };
		34FAE226209F7DDE005CE2AE /* main.m in Sources */ = {isa = PBXBuildFile; fileRef = 34FAE225209F7DDE005CE2AE /* main.m */; };
/* End PBXBuildFile section */

/* Begin PBXCopyFilesBuildPhase section */
		3452D8CF20A373640045E6B0 /* Embed Frameworks */ = {
			isa = PBXCopyFilesBuildPhase;
			buildActionMask = 12;
			dstPath = "";
			dstSubfolderSpec = 10;
			files = (
				3468761921CD32F000D242EF /* libswscale.dylib in Embed Frameworks */,
				3468761A21CD32F000D242EF /* libmobileffmpeg.dylib in Embed Frameworks */,
				3468761B21CD32F000D242EF /* libavformat.dylib in Embed Frameworks */,
				3468761C21CD32F000D242EF /* libavutil.dylib in Embed Frameworks */,
				3468761D21CD32F000D242EF /* libavcodec.dylib in Embed Frameworks */,
				3468761E21CD32F000D242EF /* libswresample.dylib in Embed Frameworks */,
				3468761F21CD32F000D242EF /* libavdevice.dylib in Embed Frameworks */,
				3468762021CD32F000D242EF /* libavfilter.dylib in Embed Frameworks */,
			);
			name = "Embed Frameworks";
			runOnlyForDeploymentPostprocessing = 0;
		};
/* End PBXCopyFilesBuildPhase section */

/* Begin PBXFileReference section */
		340FABBC2115A17600B33CE7 /* VidStabViewController.h */ = {isa = PBXFileReference; lastKnownFileType = sourcecode.c.h; path = VidStabViewController.h; sourceTree = "<group>"; };
		340FABBD2115A17600B33CE7 /* VidStabViewController.m */ = {isa = PBXFileReference; lastKnownFileType = sourcecode.c.objc; path = VidStabViewController.m; sourceTree = "<group>"; };
		3423D266217F7CC100C3C7ED /* MediaInformationParserTests.m */ = {isa = PBXFileReference; fileEncoding = 4; lastKnownFileType = sourcecode.c.objc; path = MediaInformationParserTests.m; sourceTree = "<group>"; };
		3423D268217F7D4E00C3C7ED /* MediaInformationParserTests.h */ = {isa = PBXFileReference; fileEncoding = 4; lastKnownFileType = sourcecode.c.h; path = MediaInformationParserTests.h; sourceTree = "<group>"; };
		343E66B3210784BD00F95E5B /* HttpsViewController.h */ = {isa = PBXFileReference; lastKnownFileType = sourcecode.c.h; path = HttpsViewController.h; sourceTree = "<group>"; };
		343E66B4210784BD00F95E5B /* HttpsViewController.m */ = {isa = PBXFileReference; lastKnownFileType = sourcecode.c.objc; path = HttpsViewController.m; sourceTree = "<group>"; };
		343E66B7210789DE00F95E5B /* Constants.h */ = {isa = PBXFileReference; lastKnownFileType = sourcecode.c.h; path = Constants.h; sourceTree = "<group>"; };
		343E67032107AD0100F95E5B /* Util.h */ = {isa = PBXFileReference; lastKnownFileType = sourcecode.c.h; path = Util.h; sourceTree = "<group>"; };
		343E67042107AD0100F95E5B /* Util.m */ = {isa = PBXFileReference; lastKnownFileType = sourcecode.c.objc; path = Util.m; sourceTree = "<group>"; };
		343E67072107C27600F95E5B /* TabBarController.h */ = {isa = PBXFileReference; lastKnownFileType = sourcecode.c.h; path = TabBarController.h; sourceTree = "<group>"; };
		343E67082107C27600F95E5B /* TabBarController.m */ = {isa = PBXFileReference; lastKnownFileType = sourcecode.c.objc; path = TabBarController.m; sourceTree = "<group>"; };
		345745492113B8AD00059043 /* AudioViewController.h */ = {isa = PBXFileReference; lastKnownFileType = sourcecode.c.h; path = AudioViewController.h; sourceTree = "<group>"; };
		3457454A2113B8AD00059043 /* AudioViewController.m */ = {isa = PBXFileReference; lastKnownFileType = sourcecode.c.objc; path = AudioViewController.m; sourceTree = "<group>"; };
		3457454D2113B8D300059043 /* SubtitleViewController.h */ = {isa = PBXFileReference; lastKnownFileType = sourcecode.c.h; path = SubtitleViewController.h; sourceTree = "<group>"; };
		3457454E2113B8D300059043 /* SubtitleViewController.m */ = {isa = PBXFileReference; lastKnownFileType = sourcecode.c.objc; path = SubtitleViewController.m; sourceTree = "<group>"; };
		346874DF21CD32C000D242EF /* LICENSE */ = {isa = PBXFileReference; fileEncoding = 4; lastKnownFileType = text; path = LICENSE; sourceTree = "<group>"; };
		346874E121CD32C000D242EF /* ArchDetect.h */ = {isa = PBXFileReference; fileEncoding = 4; lastKnownFileType = sourcecode.c.h; path = ArchDetect.h; sourceTree = "<group>"; };
		346874E221CD32C000D242EF /* mobileffmpeg_exception.h */ = {isa = PBXFileReference; fileEncoding = 4; lastKnownFileType = sourcecode.c.h; path = mobileffmpeg_exception.h; sourceTree = "<group>"; };
		346874E321CD32C000D242EF /* MobileFFmpegConfig.h */ = {isa = PBXFileReference; fileEncoding = 4; lastKnownFileType = sourcecode.c.h; path = MobileFFmpegConfig.h; sourceTree = "<group>"; };
		346874E521CD32C000D242EF /* version.h */ = {isa = PBXFileReference; fileEncoding = 4; lastKnownFileType = sourcecode.c.h; path = version.h; sourceTree = "<group>"; };
		346874E621CD32C000D242EF /* buffersrc.h */ = {isa = PBXFileReference; fileEncoding = 4; lastKnownFileType = sourcecode.c.h; path = buffersrc.h; sourceTree = "<group>"; };
		346874E721CD32C000D242EF /* buffersink.h */ = {isa = PBXFileReference; fileEncoding = 4; lastKnownFileType = sourcecode.c.h; path = buffersink.h; sourceTree = "<group>"; };
		346874E821CD32C000D242EF /* avfilter.h */ = {isa = PBXFileReference; fileEncoding = 4; lastKnownFileType = sourcecode.c.h; path = avfilter.h; sourceTree = "<group>"; };
		346874EA21CD32C000D242EF /* reverse.h */ = {isa = PBXFileReference; fileEncoding = 4; lastKnownFileType = sourcecode.c.h; path = reverse.h; sourceTree = "<group>"; };
		346874EB21CD32C000D242EF /* hwcontext.h */ = {isa = PBXFileReference; fileEncoding = 4; lastKnownFileType = sourcecode.c.h; path = hwcontext.h; sourceTree = "<group>"; };
		346874EC21CD32C000D242EF /* time.h */ = {isa = PBXFileReference; fileEncoding = 4; lastKnownFileType = sourcecode.c.h; path = time.h; sourceTree = "<group>"; };
		346874ED21CD32C000D242EF /* hwcontext_cuda.h */ = {isa = PBXFileReference; fileEncoding = 4; lastKnownFileType = sourcecode.c.h; path = hwcontext_cuda.h; sourceTree = "<group>"; };
		346874EE21CD32C000D242EF /* intfloat.h */ = {isa = PBXFileReference; fileEncoding = 4; lastKnownFileType = sourcecode.c.h; path = intfloat.h; sourceTree = "<group>"; };
		346874EF21CD32C000D242EF /* error.h */ = {isa = PBXFileReference; fileEncoding = 4; lastKnownFileType = sourcecode.c.h; path = error.h; sourceTree = "<group>"; };
		346874F021CD32C000D242EF /* fifo.h */ = {isa = PBXFileReference; fileEncoding = 4; lastKnownFileType = sourcecode.c.h; path = fifo.h; sourceTree = "<group>"; };
		346874F121CD32C000D242EF /* blowfish.h */ = {isa = PBXFileReference; fileEncoding = 4; lastKnownFileType = sourcecode.c.h; path = blowfish.h; sourceTree = "<group>"; };
		346874F221CD32C000D242EF /* hwcontext_mediacodec.h */ = {isa = PBXFileReference; fileEncoding = 4; lastKnownFileType = sourcecode.c.h; path = hwcontext_mediacodec.h; sourceTree = "<group>"; };
		346874F321CD32C000D242EF /* replaygain.h */ = {isa = PBXFileReference; fileEncoding = 4; lastKnownFileType = sourcecode.c.h; path = replaygain.h; sourceTree = "<group>"; };
		346874F421CD32C000D242EF /* internal.h */ = {isa = PBXFileReference; fileEncoding = 4; lastKnownFileType = sourcecode.c.h; path = internal.h; sourceTree = "<group>"; };
		346874F521CD32C000D242EF /* version.h */ = {isa = PBXFileReference; fileEncoding = 4; lastKnownFileType = sourcecode.c.h; path = version.h; sourceTree = "<group>"; };
		346874F621CD32C000D242EF /* murmur3.h */ = {isa = PBXFileReference; fileEncoding = 4; lastKnownFileType = sourcecode.c.h; path = murmur3.h; sourceTree = "<group>"; };
		346874F721CD32C000D242EF /* stereo3d.h */ = {isa = PBXFileReference; fileEncoding = 4; lastKnownFileType = sourcecode.c.h; path = stereo3d.h; sourceTree = "<group>"; };
		346874F821CD32C000D242EF /* samplefmt.h */ = {isa = PBXFileReference; fileEncoding = 4; lastKnownFileType = sourcecode.c.h; path = samplefmt.h; sourceTree = "<group>"; };
		346874F921CD32C000D242EF /* pixdesc.h */ = {isa = PBXFileReference; fileEncoding = 4; lastKnownFileType = sourcecode.c.h; path = pixdesc.h; sourceTree = "<group>"; };
		346874FA21CD32C000D242EF /* base64.h */ = {isa = PBXFileReference; fileEncoding = 4; lastKnownFileType = sourcecode.c.h; path = base64.h; sourceTree = "<group>"; };
		346874FB21CD32C000D242EF /* rational.h */ = {isa = PBXFileReference; fileEncoding = 4; lastKnownFileType = sourcecode.c.h; path = rational.h; sourceTree = "<group>"; };
		346874FC21CD32C000D242EF /* sha.h */ = {isa = PBXFileReference; fileEncoding = 4; lastKnownFileType = sourcecode.c.h; path = sha.h; sourceTree = "<group>"; };
		346874FD21CD32C000D242EF /* motion_vector.h */ = {isa = PBXFileReference; fileEncoding = 4; lastKnownFileType = sourcecode.c.h; path = motion_vector.h; sourceTree = "<group>"; };
		346874FE21CD32C000D242EF /* avconfig.h */ = {isa = PBXFileReference; fileEncoding = 4; lastKnownFileType = sourcecode.c.h; path = avconfig.h; sourceTree = "<group>"; };
		346874FF21CD32C000D242EF /* lfg.h */ = {isa = PBXFileReference; fileEncoding = 4; lastKnownFileType = sourcecode.c.h; path = lfg.h; sourceTree = "<group>"; };
		3468750021CD32C000D242EF /* avutil.h */ = {isa = PBXFileReference; fileEncoding = 4; lastKnownFileType = sourcecode.c.h; path = avutil.h; sourceTree = "<group>"; };
		3468750121CD32C000D242EF /* xtea.h */ = {isa = PBXFileReference; fileEncoding = 4; lastKnownFileType = sourcecode.c.h; path = xtea.h; sourceTree = "<group>"; };
		3468750221CD32C000D242EF /* crc.h */ = {isa = PBXFileReference; fileEncoding = 4; lastKnownFileType = sourcecode.c.h; path = crc.h; sourceTree = "<group>"; };
		3468750321CD32C000D242EF /* hwcontext_vdpau.h */ = {isa = PBXFileReference; fileEncoding = 4; lastKnownFileType = sourcecode.c.h; path = hwcontext_vdpau.h; sourceTree = "<group>"; };
		3468750421CD32C000D242EF /* frame.h */ = {isa = PBXFileReference; fileEncoding = 4; lastKnownFileType = sourcecode.c.h; path = frame.h; sourceTree = "<group>"; };
		3468750521CD32C000D242EF /* file.h */ = {isa = PBXFileReference; fileEncoding = 4; lastKnownFileType = sourcecode.c.h; path = file.h; sourceTree = "<group>"; };
		3468750621CD32C000D242EF /* md5.h */ = {isa = PBXFileReference; fileEncoding = 4; lastKnownFileType = sourcecode.c.h; path = md5.h; sourceTree = "<group>"; };
		3468750721CD32C000D242EF /* cast5.h */ = {isa = PBXFileReference; fileEncoding = 4; lastKnownFileType = sourcecode.c.h; path = cast5.h; sourceTree = "<group>"; };
		3468750821CD32C000D242EF /* hwcontext_vaapi.h */ = {isa = PBXFileReference; fileEncoding = 4; lastKnownFileType = sourcecode.c.h; path = hwcontext_vaapi.h; sourceTree = "<group>"; };
		3468750921CD32C000D242EF /* spherical.h */ = {isa = PBXFileReference; fileEncoding = 4; lastKnownFileType = sourcecode.c.h; path = spherical.h; sourceTree = "<group>"; };
		3468750A21CD32C000D242EF /* ffversion.h */ = {isa = PBXFileReference; fileEncoding = 4; lastKnownFileType = sourcecode.c.h; path = ffversion.h; sourceTree = "<group>"; };
		3468750B21CD32C000D242EF /* audio_fifo.h */ = {isa = PBXFileReference; fileEncoding = 4; lastKnownFileType = sourcecode.c.h; path = audio_fifo.h; sourceTree = "<group>"; };
		3468750C21CD32C000D242EF /* tree.h */ = {isa = PBXFileReference; fileEncoding = 4; lastKnownFileType = sourcecode.c.h; path = tree.h; sourceTree = "<group>"; };
		3468750D21CD32C000D242EF /* threadmessage.h */ = {isa = PBXFileReference; fileEncoding = 4; lastKnownFileType = sourcecode.c.h; path = threadmessage.h; sourceTree = "<group>"; };
		3468750E21CD32C000D242EF /* attributes.h */ = {isa = PBXFileReference; fileEncoding = 4; lastKnownFileType = sourcecode.c.h; path = attributes.h; sourceTree = "<group>"; };
		3468750F21CD32C000D242EF /* adler32.h */ = {isa = PBXFileReference; fileEncoding = 4; lastKnownFileType = sourcecode.c.h; path = adler32.h; sourceTree = "<group>"; };
		3468751021CD32C000D242EF /* hwcontext_d3d11va.h */ = {isa = PBXFileReference; fileEncoding = 4; lastKnownFileType = sourcecode.c.h; path = hwcontext_d3d11va.h; sourceTree = "<group>"; };
		3468751121CD32C000D242EF /* timecode.h */ = {isa = PBXFileReference; fileEncoding = 4; lastKnownFileType = sourcecode.c.h; path = timecode.h; sourceTree = "<group>"; };
		3468751221CD32C000D242EF /* sha512.h */ = {isa = PBXFileReference; fileEncoding = 4; lastKnownFileType = sourcecode.c.h; path = sha512.h; sourceTree = "<group>"; };
		3468751321CD32C000D242EF /* timer.h */ = {isa = PBXFileReference; fileEncoding = 4; lastKnownFileType = sourcecode.c.h; path = timer.h; sourceTree = "<group>"; };
		3468751421CD32C000D242EF /* hwcontext_dxva2.h */ = {isa = PBXFileReference; fileEncoding = 4; lastKnownFileType = sourcecode.c.h; path = hwcontext_dxva2.h; sourceTree = "<group>"; };
		3468751521CD32C000D242EF /* display.h */ = {isa = PBXFileReference; fileEncoding = 4; lastKnownFileType = sourcecode.c.h; path = display.h; sourceTree = "<group>"; };
		3468751621CD32C000D242EF /* buffer.h */ = {isa = PBXFileReference; fileEncoding = 4; lastKnownFileType = sourcecode.c.h; path = buffer.h; sourceTree = "<group>"; };
		3468751721CD32C000D242EF /* camellia.h */ = {isa = PBXFileReference; fileEncoding = 4; lastKnownFileType = sourcecode.c.h; path = camellia.h; sourceTree = "<group>"; };
		3468751821CD32C000D242EF /* thread.h */ = {isa = PBXFileReference; fileEncoding = 4; lastKnownFileType = sourcecode.c.h; path = thread.h; sourceTree = "<group>"; };
		3468751921CD32C000D242EF /* pixelutils.h */ = {isa = PBXFileReference; fileEncoding = 4; lastKnownFileType = sourcecode.c.h; path = pixelutils.h; sourceTree = "<group>"; };
		3468751A21CD32C000D242EF /* hwcontext_drm.h */ = {isa = PBXFileReference; fileEncoding = 4; lastKnownFileType = sourcecode.c.h; path = hwcontext_drm.h; sourceTree = "<group>"; };
		3468751B21CD32C000D242EF /* common.h */ = {isa = PBXFileReference; fileEncoding = 4; lastKnownFileType = sourcecode.c.h; path = common.h; sourceTree = "<group>"; };
		3468751C21CD32C000D242EF /* hmac.h */ = {isa = PBXFileReference; fileEncoding = 4; lastKnownFileType = sourcecode.c.h; path = hmac.h; sourceTree = "<group>"; };
		3468751D21CD32C000D242EF /* eval.h */ = {isa = PBXFileReference; fileEncoding = 4; lastKnownFileType = sourcecode.c.h; path = eval.h; sourceTree = "<group>"; };
		3468751E21CD32C000D242EF /* dict.h */ = {isa = PBXFileReference; fileEncoding = 4; lastKnownFileType = sourcecode.c.h; path = dict.h; sourceTree = "<group>"; };
		3468751F21CD32C000D242EF /* random_seed.h */ = {isa = PBXFileReference; fileEncoding = 4; lastKnownFileType = sourcecode.c.h; path = random_seed.h; sourceTree = "<group>"; };
		3468752021CD32C000D242EF /* opt.h */ = {isa = PBXFileReference; fileEncoding = 4; lastKnownFileType = sourcecode.c.h; path = opt.h; sourceTree = "<group>"; };
		3468752121CD32C000D242EF /* mastering_display_metadata.h */ = {isa = PBXFileReference; fileEncoding = 4; lastKnownFileType = sourcecode.c.h; path = mastering_display_metadata.h; sourceTree = "<group>"; };
		3468752221CD32C000D242EF /* log.h */ = {isa = PBXFileReference; fileEncoding = 4; lastKnownFileType = sourcecode.c.h; path = log.h; sourceTree = "<group>"; };
		3468752321CD32C000D242EF /* aes.h */ = {isa = PBXFileReference; fileEncoding = 4; lastKnownFileType = sourcecode.c.h; path = aes.h; sourceTree = "<group>"; };
		3468752421CD32C000D242EF /* macros.h */ = {isa = PBXFileReference; fileEncoding = 4; lastKnownFileType = sourcecode.c.h; path = macros.h; sourceTree = "<group>"; };
		3468752521CD32C000D242EF /* bswap.h */ = {isa = PBXFileReference; fileEncoding = 4; lastKnownFileType = sourcecode.c.h; path = bswap.h; sourceTree = "<group>"; };
		3468752721CD32C000D242EF /* asm.h */ = {isa = PBXFileReference; fileEncoding = 4; lastKnownFileType = sourcecode.c.h; path = asm.h; sourceTree = "<group>"; };
		3468752821CD32C000D242EF /* timer.h */ = {isa = PBXFileReference; fileEncoding = 4; lastKnownFileType = sourcecode.c.h; path = timer.h; sourceTree = "<group>"; };
		3468752921CD32C000D242EF /* emms.h */ = {isa = PBXFileReference; fileEncoding = 4; lastKnownFileType = sourcecode.c.h; path = emms.h; sourceTree = "<group>"; };
		3468752A21CD32C000D242EF /* rc4.h */ = {isa = PBXFileReference; fileEncoding = 4; lastKnownFileType = sourcecode.c.h; path = rc4.h; sourceTree = "<group>"; };
		3468752B21CD32C000D242EF /* tea.h */ = {isa = PBXFileReference; fileEncoding = 4; lastKnownFileType = sourcecode.c.h; path = tea.h; sourceTree = "<group>"; };
		3468752C21CD32C000D242EF /* cpu.h */ = {isa = PBXFileReference; fileEncoding = 4; lastKnownFileType = sourcecode.c.h; path = cpu.h; sourceTree = "<group>"; };
		3468752D21CD32C000D242EF /* lzo.h */ = {isa = PBXFileReference; fileEncoding = 4; lastKnownFileType = sourcecode.c.h; path = lzo.h; sourceTree = "<group>"; };
		3468752E21CD32C000D242EF /* des.h */ = {isa = PBXFileReference; fileEncoding = 4; lastKnownFileType = sourcecode.c.h; path = des.h; sourceTree = "<group>"; };
		3468752F21CD32C000D242EF /* channel_layout.h */ = {isa = PBXFileReference; fileEncoding = 4; lastKnownFileType = sourcecode.c.h; path = channel_layout.h; sourceTree = "<group>"; };
		3468753021CD32C000D242EF /* encryption_info.h */ = {isa = PBXFileReference; fileEncoding = 4; lastKnownFileType = sourcecode.c.h; path = encryption_info.h; sourceTree = "<group>"; };
		3468753121CD32C000D242EF /* twofish.h */ = {isa = PBXFileReference; fileEncoding = 4; lastKnownFileType = sourcecode.c.h; path = twofish.h; sourceTree = "<group>"; };
		3468753221CD32C000D242EF /* imgutils.h */ = {isa = PBXFileReference; fileEncoding = 4; lastKnownFileType = sourcecode.c.h; path = imgutils.h; sourceTree = "<group>"; };
		3468753321CD32C000D242EF /* hwcontext_videotoolbox.h */ = {isa = PBXFileReference; fileEncoding = 4; lastKnownFileType = sourcecode.c.h; path = hwcontext_videotoolbox.h; sourceTree = "<group>"; };
		3468753421CD32C000D242EF /* libm.h */ = {isa = PBXFileReference; fileEncoding = 4; lastKnownFileType = sourcecode.c.h; path = libm.h; sourceTree = "<group>"; };
		3468753521CD32C000D242EF /* mem.h */ = {isa = PBXFileReference; fileEncoding = 4; lastKnownFileType = sourcecode.c.h; path = mem.h; sourceTree = "<group>"; };
		3468753621CD32C000D242EF /* parseutils.h */ = {isa = PBXFileReference; fileEncoding = 4; lastKnownFileType = sourcecode.c.h; path = parseutils.h; sourceTree = "<group>"; };
		3468753821CD32C000D242EF /* timer.h */ = {isa = PBXFileReference; fileEncoding = 4; lastKnownFileType = sourcecode.c.h; path = timer.h; sourceTree = "<group>"; };
		3468753921CD32C000D242EF /* ripemd.h */ = {isa = PBXFileReference; fileEncoding = 4; lastKnownFileType = sourcecode.c.h; path = ripemd.h; sourceTree = "<group>"; };
		3468753A21CD32C000D242EF /* bprint.h */ = {isa = PBXFileReference; fileEncoding = 4; lastKnownFileType = sourcecode.c.h; path = bprint.h; sourceTree = "<group>"; };
		3468753B21CD32C000D242EF /* hwcontext_qsv.h */ = {isa = PBXFileReference; fileEncoding = 4; lastKnownFileType = sourcecode.c.h; path = hwcontext_qsv.h; sourceTree = "<group>"; };
		3468753C21CD32C000D242EF /* pixfmt.h */ = {isa = PBXFileReference; fileEncoding = 4; lastKnownFileType = sourcecode.c.h; path = pixfmt.h; sourceTree = "<group>"; };
		3468753D21CD32C000D242EF /* aes_ctr.h */ = {isa = PBXFileReference; fileEncoding = 4; lastKnownFileType = sourcecode.c.h; path = aes_ctr.h; sourceTree = "<group>"; };
		3468753F21CD32C000D242EF /* timer.h */ = {isa = PBXFileReference; fileEncoding = 4; lastKnownFileType = sourcecode.c.h; path = timer.h; sourceTree = "<group>"; };
		3468754021CD32C000D242EF /* timestamp.h */ = {isa = PBXFileReference; fileEncoding = 4; lastKnownFileType = sourcecode.c.h; path = timestamp.h; sourceTree = "<group>"; };
		3468754121CD32C000D242EF /* downmix_info.h */ = {isa = PBXFileReference; fileEncoding = 4; lastKnownFileType = sourcecode.c.h; path = downmix_info.h; sourceTree = "<group>"; };
		3468754221CD32C000D242EF /* avassert.h */ = {isa = PBXFileReference; fileEncoding = 4; lastKnownFileType = sourcecode.c.h; path = avassert.h; sourceTree = "<group>"; };
		3468754321CD32C000D242EF /* hash.h */ = {isa = PBXFileReference; fileEncoding = 4; lastKnownFileType = sourcecode.c.h; path = hash.h; sourceTree = "<group>"; };
		3468754421CD32C000D242EF /* mathematics.h */ = {isa = PBXFileReference; fileEncoding = 4; lastKnownFileType = sourcecode.c.h; path = mathematics.h; sourceTree = "<group>"; };
		3468754521CD32C000D242EF /* intreadwrite.h */ = {isa = PBXFileReference; fileEncoding = 4; lastKnownFileType = sourcecode.c.h; path = intreadwrite.h; sourceTree = "<group>"; };
		3468754621CD32C000D242EF /* avstring.h */ = {isa = PBXFileReference; fileEncoding = 4; lastKnownFileType = sourcecode.c.h; path = avstring.h; sourceTree = "<group>"; };
		3468754721CD32C000D242EF /* config.h */ = {isa = PBXFileReference; fileEncoding = 4; lastKnownFileType = sourcecode.c.h; path = config.h; sourceTree = "<group>"; };
		3468754821CD32C000D242EF /* StatisticsDelegate.h */ = {isa = PBXFileReference; fileEncoding = 4; lastKnownFileType = sourcecode.c.h; path = StatisticsDelegate.h; sourceTree = "<group>"; };
		3468754A21CD32C000D242EF /* version.h */ = {isa = PBXFileReference; fileEncoding = 4; lastKnownFileType = sourcecode.c.h; path = version.h; sourceTree = "<group>"; };
		3468754B21CD32C000D242EF /* avdevice.h */ = {isa = PBXFileReference; fileEncoding = 4; lastKnownFileType = sourcecode.c.h; path = avdevice.h; sourceTree = "<group>"; };
		3468754D21CD32C000D242EF /* os_support.h */ = {isa = PBXFileReference; fileEncoding = 4; lastKnownFileType = sourcecode.c.h; path = os_support.h; sourceTree = "<group>"; };
		3468754E21CD32C000D242EF /* version.h */ = {isa = PBXFileReference; fileEncoding = 4; lastKnownFileType = sourcecode.c.h; path = version.h; sourceTree = "<group>"; };
		3468754F21CD32C000D242EF /* network.h */ = {isa = PBXFileReference; fileEncoding = 4; lastKnownFileType = sourcecode.c.h; path = network.h; sourceTree = "<group>"; };
		3468755021CD32C000D242EF /* url.h */ = {isa = PBXFileReference; fileEncoding = 4; lastKnownFileType = sourcecode.c.h; path = url.h; sourceTree = "<group>"; };
		3468755121CD32C000D242EF /* avio.h */ = {isa = PBXFileReference; fileEncoding = 4; lastKnownFileType = sourcecode.c.h; path = avio.h; sourceTree = "<group>"; };
		3468755221CD32C000D242EF /* avformat.h */ = {isa = PBXFileReference; fileEncoding = 4; lastKnownFileType = sourcecode.c.h; path = avformat.h; sourceTree = "<group>"; };
		3468755421CD32C000D242EF /* version.h */ = {isa = PBXFileReference; fileEncoding = 4; lastKnownFileType = sourcecode.c.h; path = version.h; sourceTree = "<group>"; };
		3468755521CD32C000D242EF /* swscale.h */ = {isa = PBXFileReference; fileEncoding = 4; lastKnownFileType = sourcecode.c.h; path = swscale.h; sourceTree = "<group>"; };
		3468755621CD32C000D242EF /* StreamInformation.h */ = {isa = PBXFileReference; fileEncoding = 4; lastKnownFileType = sourcecode.c.h; path = StreamInformation.h; sourceTree = "<group>"; };
		3468755721CD32C000D242EF /* MobileFFmpeg.h */ = {isa = PBXFileReference; fileEncoding = 4; lastKnownFileType = sourcecode.c.h; path = MobileFFmpeg.h; sourceTree = "<group>"; };
		3468755921CD32C000D242EF /* adts_parser.h */ = {isa = PBXFileReference; fileEncoding = 4; lastKnownFileType = sourcecode.c.h; path = adts_parser.h; sourceTree = "<group>"; };
		3468755A21CD32C000D242EF /* avcodec.h */ = {isa = PBXFileReference; fileEncoding = 4; lastKnownFileType = sourcecode.c.h; path = avcodec.h; sourceTree = "<group>"; };
		3468755B21CD32C000D242EF /* mathops.h */ = {isa = PBXFileReference; fileEncoding = 4; lastKnownFileType = sourcecode.c.h; path = mathops.h; sourceTree = "<group>"; };
		3468755C21CD32C000D242EF /* version.h */ = {isa = PBXFileReference; fileEncoding = 4; lastKnownFileType = sourcecode.c.h; path = version.h; sourceTree = "<group>"; };
		3468755D21CD32C000D242EF /* vdpau.h */ = {isa = PBXFileReference; fileEncoding = 4; lastKnownFileType = sourcecode.c.h; path = vdpau.h; sourceTree = "<group>"; };
		3468755E21CD32C000D242EF /* qsv.h */ = {isa = PBXFileReference; fileEncoding = 4; lastKnownFileType = sourcecode.c.h; path = qsv.h; sourceTree = "<group>"; };
		3468755F21CD32C000D242EF /* vaapi.h */ = {isa = PBXFileReference; fileEncoding = 4; lastKnownFileType = sourcecode.c.h; path = vaapi.h; sourceTree = "<group>"; };
		3468756021CD32C000D242EF /* videotoolbox.h */ = {isa = PBXFileReference; fileEncoding = 4; lastKnownFileType = sourcecode.c.h; path = videotoolbox.h; sourceTree = "<group>"; };
		3468756121CD32C000D242EF /* xvmc.h */ = {isa = PBXFileReference; fileEncoding = 4; lastKnownFileType = sourcecode.c.h; path = xvmc.h; sourceTree = "<group>"; };
		3468756221CD32C000D242EF /* mediacodec.h */ = {isa = PBXFileReference; fileEncoding = 4; lastKnownFileType = sourcecode.c.h; path = mediacodec.h; sourceTree = "<group>"; };
		3468756321CD32C000D242EF /* d3d11va.h */ = {isa = PBXFileReference; fileEncoding = 4; lastKnownFileType = sourcecode.c.h; path = d3d11va.h; sourceTree = "<group>"; };
		3468756421CD32C000D242EF /* avfft.h */ = {isa = PBXFileReference; fileEncoding = 4; lastKnownFileType = sourcecode.c.h; path = avfft.h; sourceTree = "<group>"; };
		3468756521CD32C000D242EF /* jni.h */ = {isa = PBXFileReference; fileEncoding = 4; lastKnownFileType = sourcecode.c.h; path = jni.h; sourceTree = "<group>"; };
		3468756721CD32C000D242EF /* mathops.h */ = {isa = PBXFileReference; fileEncoding = 4; lastKnownFileType = sourcecode.c.h; path = mathops.h; sourceTree = "<group>"; };
		3468756821CD32C000D242EF /* dirac.h */ = {isa = PBXFileReference; fileEncoding = 4; lastKnownFileType = sourcecode.c.h; path = dirac.h; sourceTree = "<group>"; };
		3468756921CD32C000D242EF /* avdct.h */ = {isa = PBXFileReference; fileEncoding = 4; lastKnownFileType = sourcecode.c.h; path = avdct.h; sourceTree = "<group>"; };
		3468756B21CD32C000D242EF /* mathops.h */ = {isa = PBXFileReference; fileEncoding = 4; lastKnownFileType = sourcecode.c.h; path = mathops.h; sourceTree = "<group>"; };
		3468756C21CD32C000D242EF /* ac3_parser.h */ = {isa = PBXFileReference; fileEncoding = 4; lastKnownFileType = sourcecode.c.h; path = ac3_parser.h; sourceTree = "<group>"; };
		3468756D21CD32C000D242EF /* vorbis_parser.h */ = {isa = PBXFileReference; fileEncoding = 4; lastKnownFileType = sourcecode.c.h; path = vorbis_parser.h; sourceTree = "<group>"; };
		3468756E21CD32C000D242EF /* dxva2.h */ = {isa = PBXFileReference; fileEncoding = 4; lastKnownFileType = sourcecode.c.h; path = dxva2.h; sourceTree = "<group>"; };
		3468756F21CD32C000D242EF /* dv_profile.h */ = {isa = PBXFileReference; fileEncoding = 4; lastKnownFileType = sourcecode.c.h; path = dv_profile.h; sourceTree = "<group>"; };
		3468757021CD32C000D242EF /* MediaInformationParser.h */ = {isa = PBXFileReference; fileEncoding = 4; lastKnownFileType = sourcecode.c.h; path = MediaInformationParser.h; sourceTree = "<group>"; };
		3468757121CD32C000D242EF /* LogDelegate.h */ = {isa = PBXFileReference; fileEncoding = 4; lastKnownFileType = sourcecode.c.h; path = LogDelegate.h; sourceTree = "<group>"; };
		3468757221CD32C000D242EF /* fftools_cmdutils.h */ = {isa = PBXFileReference; fileEncoding = 4; lastKnownFileType = sourcecode.c.h; path = fftools_cmdutils.h; sourceTree = "<group>"; };
		3468757321CD32C000D242EF /* Statistics.h */ = {isa = PBXFileReference; fileEncoding = 4; lastKnownFileType = sourcecode.c.h; path = Statistics.h; sourceTree = "<group>"; };
		3468757421CD32C000D242EF /* MediaInformation.h */ = {isa = PBXFileReference; fileEncoding = 4; lastKnownFileType = sourcecode.c.h; path = MediaInformation.h; sourceTree = "<group>"; };
		3468757521CD32C000D242EF /* fftools_ffmpeg.h */ = {isa = PBXFileReference; fileEncoding = 4; lastKnownFileType = sourcecode.c.h; path = fftools_ffmpeg.h; sourceTree = "<group>"; };
		3468757721CD32C000D242EF /* version.h */ = {isa = PBXFileReference; fileEncoding = 4; lastKnownFileType = sourcecode.c.h; path = version.h; sourceTree = "<group>"; };
		3468757821CD32C000D242EF /* swresample.h */ = {isa = PBXFileReference; fileEncoding = 4; lastKnownFileType = sourcecode.c.h; path = swresample.h; sourceTree = "<group>"; };
		3468757A21CD32C000D242EF /* libswscale.dylib */ = {isa = PBXFileReference; lastKnownFileType = "compiled.mach-o.dylib"; path = libswscale.dylib; sourceTree = "<group>"; };
		3468757B21CD32C000D242EF /* libmobileffmpeg.dylib */ = {isa = PBXFileReference; lastKnownFileType = "compiled.mach-o.dylib"; path = libmobileffmpeg.dylib; sourceTree = "<group>"; };
		3468757C21CD32C000D242EF /* libavformat.dylib */ = {isa = PBXFileReference; lastKnownFileType = "compiled.mach-o.dylib"; path = libavformat.dylib; sourceTree = "<group>"; };
		3468757D21CD32C000D242EF /* libavutil.dylib */ = {isa = PBXFileReference; lastKnownFileType = "compiled.mach-o.dylib"; path = libavutil.dylib; sourceTree = "<group>"; };
		3468757E21CD32C000D242EF /* libavcodec.dylib */ = {isa = PBXFileReference; lastKnownFileType = "compiled.mach-o.dylib"; path = libavcodec.dylib; sourceTree = "<group>"; };
		3468757F21CD32C000D242EF /* libswresample.dylib */ = {isa = PBXFileReference; lastKnownFileType = "compiled.mach-o.dylib"; path = libswresample.dylib; sourceTree = "<group>"; };
		3468758021CD32C000D242EF /* libavdevice.dylib */ = {isa = PBXFileReference; lastKnownFileType = "compiled.mach-o.dylib"; path = libavdevice.dylib; sourceTree = "<group>"; };
		3468758121CD32C000D242EF /* libavfilter.dylib */ = {isa = PBXFileReference; lastKnownFileType = "compiled.mach-o.dylib"; path = libavfilter.dylib; sourceTree = "<group>"; };
		3468761721CD32DC00D242EF /* strip-frameworks.sh */ = {isa = PBXFileReference; fileEncoding = 4; lastKnownFileType = text.script.sh; path = "strip-frameworks.sh"; sourceTree = "<group>"; };
		348439EA20B2EFAF001A3990 /* pyramid.jpg */ = {isa = PBXFileReference; lastKnownFileType = image.jpeg; path = pyramid.jpg; sourceTree = "<group>"; };
		348439EB20B2EFAF001A3990 /* tajmahal.jpg */ = {isa = PBXFileReference; lastKnownFileType = image.jpeg; path = tajmahal.jpg; sourceTree = "<group>"; };
		348439EC20B2EFAF001A3990 /* colosseum.jpg */ = {isa = PBXFileReference; lastKnownFileType = image.jpeg; path = colosseum.jpg; sourceTree = "<group>"; };
		34BB547B2109D44800606B7C /* Constants.m */ = {isa = PBXFileReference; lastKnownFileType = sourcecode.c.objc; path = Constants.m; sourceTree = "<group>"; };
		34DC789721215B5800C3486C /* truenorg.otf */ = {isa = PBXFileReference; lastKnownFileType = file; path = truenorg.otf; sourceTree = "<group>"; };
		34DC789821215B5800C3486C /* subtitle.srt */ = {isa = PBXFileReference; fileEncoding = 4; lastKnownFileType = text; path = subtitle.srt; sourceTree = "<group>"; };
		34DC789921215B5800C3486C /* doppioone_regular.ttf */ = {isa = PBXFileReference; lastKnownFileType = file; path = doppioone_regular.ttf; sourceTree = "<group>"; };
		34DC789A21215B5800C3486C /* sil_open_font_license.txt */ = {isa = PBXFileReference; fileEncoding = 4; lastKnownFileType = text; path = sil_open_font_license.txt; sourceTree = "<group>"; };
		34FAE210209F7DDD005CE2AE /* MobileFFmpegTest.app */ = {isa = PBXFileReference; explicitFileType = wrapper.application; includeInIndex = 0; path = MobileFFmpegTest.app; sourceTree = BUILT_PRODUCTS_DIR; };
		34FAE213209F7DDD005CE2AE /* AppDelegate.h */ = {isa = PBXFileReference; lastKnownFileType = sourcecode.c.h; path = AppDelegate.h; sourceTree = "<group>"; };
		34FAE214209F7DDD005CE2AE /* AppDelegate.m */ = {isa = PBXFileReference; lastKnownFileType = sourcecode.c.objc; path = AppDelegate.m; sourceTree = "<group>"; };
		34FAE216209F7DDD005CE2AE /* CommandViewController.h */ = {isa = PBXFileReference; lastKnownFileType = sourcecode.c.h; path = CommandViewController.h; sourceTree = "<group>"; };
		34FAE217209F7DDD005CE2AE /* CommandViewController.m */ = {isa = PBXFileReference; lastKnownFileType = sourcecode.c.objc; path = CommandViewController.m; sourceTree = "<group>"; };
		34FAE219209F7DDD005CE2AE /* VideoViewController.h */ = {isa = PBXFileReference; lastKnownFileType = sourcecode.c.h; path = VideoViewController.h; sourceTree = "<group>"; };
		34FAE21A209F7DDD005CE2AE /* VideoViewController.m */ = {isa = PBXFileReference; lastKnownFileType = sourcecode.c.objc; path = VideoViewController.m; sourceTree = "<group>"; };
		34FAE21D209F7DDD005CE2AE /* Base */ = {isa = PBXFileReference; lastKnownFileType = file.storyboard; name = Base; path = Base.lproj/Main.storyboard; sourceTree = "<group>"; };
		34FAE21F209F7DDE005CE2AE /* Assets.xcassets */ = {isa = PBXFileReference; lastKnownFileType = folder.assetcatalog; path = Assets.xcassets; sourceTree = "<group>"; };
		34FAE222209F7DDE005CE2AE /* Base */ = {isa = PBXFileReference; lastKnownFileType = file.storyboard; name = Base; path = Base.lproj/LaunchScreen.storyboard; sourceTree = "<group>"; };
		34FAE224209F7DDE005CE2AE /* Info.plist */ = {isa = PBXFileReference; lastKnownFileType = text.plist.xml; path = Info.plist; sourceTree = "<group>"; };
		34FAE225209F7DDE005CE2AE /* main.m */ = {isa = PBXFileReference; lastKnownFileType = sourcecode.c.objc; path = main.m; sourceTree = "<group>"; };
/* End PBXFileReference section */

/* Begin PBXFrameworksBuildPhase section */
		34FAE20D209F7DDD005CE2AE /* Frameworks */ = {
			isa = PBXFrameworksBuildPhase;
			buildActionMask = 2147483647;
			files = (
				3468760F21CD32C000D242EF /* libswscale.dylib in Frameworks */,
				3468761321CD32C000D242EF /* libavcodec.dylib in Frameworks */,
				3468761221CD32C000D242EF /* libavutil.dylib in Frameworks */,
				3468761121CD32C000D242EF /* libavformat.dylib in Frameworks */,
				3468761021CD32C000D242EF /* libmobileffmpeg.dylib in Frameworks */,
				3468761421CD32C000D242EF /* libswresample.dylib in Frameworks */,
				3468761521CD32C000D242EF /* libavdevice.dylib in Frameworks */,
				3468761621CD32C000D242EF /* libavfilter.dylib in Frameworks */,
			);
			runOnlyForDeploymentPostprocessing = 0;
		};
/* End PBXFrameworksBuildPhase section */

/* Begin PBXGroup section */
		3468738221CD2ACB00D242EF /* Frameworks */ = {
			isa = PBXGroup;
			children = (
			);
			name = Frameworks;
			sourceTree = "<group>";
		};
		346874DE21CD32C000D242EF /* mobile-ffmpeg-universal */ = {
			isa = PBXGroup;
			children = (
				3468761721CD32DC00D242EF /* strip-frameworks.sh */,
				346874DF21CD32C000D242EF /* LICENSE */,
				346874E021CD32C000D242EF /* include */,
				3468757921CD32C000D242EF /* lib */,
			);
			path = "mobile-ffmpeg-universal";
			sourceTree = "<group>";
		};
		346874E021CD32C000D242EF /* include */ = {
			isa = PBXGroup;
			children = (
				346874E121CD32C000D242EF /* ArchDetect.h */,
				346874E221CD32C000D242EF /* mobileffmpeg_exception.h */,
				346874E321CD32C000D242EF /* MobileFFmpegConfig.h */,
				346874E421CD32C000D242EF /* libavfilter */,
				346874E921CD32C000D242EF /* libavutil */,
				3468754721CD32C000D242EF /* config.h */,
				3468754821CD32C000D242EF /* StatisticsDelegate.h */,
				3468754921CD32C000D242EF /* libavdevice */,
				3468754C21CD32C000D242EF /* libavformat */,
				3468755321CD32C000D242EF /* libswscale */,
				3468755621CD32C000D242EF /* StreamInformation.h */,
				3468755721CD32C000D242EF /* MobileFFmpeg.h */,
				3468755821CD32C000D242EF /* libavcodec */,
				3468757021CD32C000D242EF /* MediaInformationParser.h */,
				3468757121CD32C000D242EF /* LogDelegate.h */,
				3468757221CD32C000D242EF /* fftools_cmdutils.h */,
				3468757321CD32C000D242EF /* Statistics.h */,
				3468757421CD32C000D242EF /* MediaInformation.h */,
				3468757521CD32C000D242EF /* fftools_ffmpeg.h */,
				3468757621CD32C000D242EF /* libswresample */,
			);
			path = include;
			sourceTree = "<group>";
		};
		346874E421CD32C000D242EF /* libavfilter */ = {
			isa = PBXGroup;
			children = (
				346874E521CD32C000D242EF /* version.h */,
				346874E621CD32C000D242EF /* buffersrc.h */,
				346874E721CD32C000D242EF /* buffersink.h */,
				346874E821CD32C000D242EF /* avfilter.h */,
			);
			path = libavfilter;
			sourceTree = "<group>";
		};
		346874E921CD32C000D242EF /* libavutil */ = {
			isa = PBXGroup;
			children = (
				346874EA21CD32C000D242EF /* reverse.h */,
				346874EB21CD32C000D242EF /* hwcontext.h */,
				346874EC21CD32C000D242EF /* time.h */,
				346874ED21CD32C000D242EF /* hwcontext_cuda.h */,
				346874EE21CD32C000D242EF /* intfloat.h */,
				346874EF21CD32C000D242EF /* error.h */,
				346874F021CD32C000D242EF /* fifo.h */,
				346874F121CD32C000D242EF /* blowfish.h */,
				346874F221CD32C000D242EF /* hwcontext_mediacodec.h */,
				346874F321CD32C000D242EF /* replaygain.h */,
				346874F421CD32C000D242EF /* internal.h */,
				346874F521CD32C000D242EF /* version.h */,
				346874F621CD32C000D242EF /* murmur3.h */,
				346874F721CD32C000D242EF /* stereo3d.h */,
				346874F821CD32C000D242EF /* samplefmt.h */,
				346874F921CD32C000D242EF /* pixdesc.h */,
				346874FA21CD32C000D242EF /* base64.h */,
				346874FB21CD32C000D242EF /* rational.h */,
				346874FC21CD32C000D242EF /* sha.h */,
				346874FD21CD32C000D242EF /* motion_vector.h */,
				346874FE21CD32C000D242EF /* avconfig.h */,
				346874FF21CD32C000D242EF /* lfg.h */,
				3468750021CD32C000D242EF /* avutil.h */,
				3468750121CD32C000D242EF /* xtea.h */,
				3468750221CD32C000D242EF /* crc.h */,
				3468750321CD32C000D242EF /* hwcontext_vdpau.h */,
				3468750421CD32C000D242EF /* frame.h */,
				3468750521CD32C000D242EF /* file.h */,
				3468750621CD32C000D242EF /* md5.h */,
				3468750721CD32C000D242EF /* cast5.h */,
				3468750821CD32C000D242EF /* hwcontext_vaapi.h */,
				3468750921CD32C000D242EF /* spherical.h */,
				3468750A21CD32C000D242EF /* ffversion.h */,
				3468750B21CD32C000D242EF /* audio_fifo.h */,
				3468750C21CD32C000D242EF /* tree.h */,
				3468750D21CD32C000D242EF /* threadmessage.h */,
				3468750E21CD32C000D242EF /* attributes.h */,
				3468750F21CD32C000D242EF /* adler32.h */,
				3468751021CD32C000D242EF /* hwcontext_d3d11va.h */,
				3468751121CD32C000D242EF /* timecode.h */,
				3468751221CD32C000D242EF /* sha512.h */,
				3468751321CD32C000D242EF /* timer.h */,
				3468751421CD32C000D242EF /* hwcontext_dxva2.h */,
				3468751521CD32C000D242EF /* display.h */,
				3468751621CD32C000D242EF /* buffer.h */,
				3468751721CD32C000D242EF /* camellia.h */,
				3468751821CD32C000D242EF /* thread.h */,
				3468751921CD32C000D242EF /* pixelutils.h */,
				3468751A21CD32C000D242EF /* hwcontext_drm.h */,
				3468751B21CD32C000D242EF /* common.h */,
				3468751C21CD32C000D242EF /* hmac.h */,
				3468751D21CD32C000D242EF /* eval.h */,
				3468751E21CD32C000D242EF /* dict.h */,
				3468751F21CD32C000D242EF /* random_seed.h */,
				3468752021CD32C000D242EF /* opt.h */,
				3468752121CD32C000D242EF /* mastering_display_metadata.h */,
				3468752221CD32C000D242EF /* log.h */,
				3468752321CD32C000D242EF /* aes.h */,
				3468752421CD32C000D242EF /* macros.h */,
				3468752521CD32C000D242EF /* bswap.h */,
				3468752621CD32C000D242EF /* x86 */,
				3468752A21CD32C000D242EF /* rc4.h */,
				3468752B21CD32C000D242EF /* tea.h */,
				3468752C21CD32C000D242EF /* cpu.h */,
				3468752D21CD32C000D242EF /* lzo.h */,
				3468752E21CD32C000D242EF /* des.h */,
				3468752F21CD32C000D242EF /* channel_layout.h */,
				3468753021CD32C000D242EF /* encryption_info.h */,
				3468753121CD32C000D242EF /* twofish.h */,
				3468753221CD32C000D242EF /* imgutils.h */,
				3468753321CD32C000D242EF /* hwcontext_videotoolbox.h */,
				3468753421CD32C000D242EF /* libm.h */,
				3468753521CD32C000D242EF /* mem.h */,
				3468753621CD32C000D242EF /* parseutils.h */,
				3468753721CD32C000D242EF /* arm */,
				3468753921CD32C000D242EF /* ripemd.h */,
				3468753A21CD32C000D242EF /* bprint.h */,
				3468753B21CD32C000D242EF /* hwcontext_qsv.h */,
				3468753C21CD32C000D242EF /* pixfmt.h */,
				3468753D21CD32C000D242EF /* aes_ctr.h */,
				3468753E21CD32C000D242EF /* aarch64 */,
				3468754021CD32C000D242EF /* timestamp.h */,
				3468754121CD32C000D242EF /* downmix_info.h */,
				3468754221CD32C000D242EF /* avassert.h */,
				3468754321CD32C000D242EF /* hash.h */,
				3468754421CD32C000D242EF /* mathematics.h */,
				3468754521CD32C000D242EF /* intreadwrite.h */,
				3468754621CD32C000D242EF /* avstring.h */,
			);
			path = libavutil;
			sourceTree = "<group>";
		};
		3468752621CD32C000D242EF /* x86 */ = {
			isa = PBXGroup;
			children = (
				3468752721CD32C000D242EF /* asm.h */,
				3468752821CD32C000D242EF /* timer.h */,
				3468752921CD32C000D242EF /* emms.h */,
			);
			path = x86;
			sourceTree = "<group>";
		};
		3468753721CD32C000D242EF /* arm */ = {
			isa = PBXGroup;
			children = (
				3468753821CD32C000D242EF /* timer.h */,
			);
			path = arm;
			sourceTree = "<group>";
		};
		3468753E21CD32C000D242EF /* aarch64 */ = {
			isa = PBXGroup;
			children = (
				3468753F21CD32C000D242EF /* timer.h */,
			);
			path = aarch64;
			sourceTree = "<group>";
		};
		3468754921CD32C000D242EF /* libavdevice */ = {
			isa = PBXGroup;
			children = (
				3468754A21CD32C000D242EF /* version.h */,
				3468754B21CD32C000D242EF /* avdevice.h */,
			);
			path = libavdevice;
			sourceTree = "<group>";
		};
		3468754C21CD32C000D242EF /* libavformat */ = {
			isa = PBXGroup;
			children = (
				3468754D21CD32C000D242EF /* os_support.h */,
				3468754E21CD32C000D242EF /* version.h */,
				3468754F21CD32C000D242EF /* network.h */,
				3468755021CD32C000D242EF /* url.h */,
				3468755121CD32C000D242EF /* avio.h */,
				3468755221CD32C000D242EF /* avformat.h */,
			);
			path = libavformat;
			sourceTree = "<group>";
		};
		3468755321CD32C000D242EF /* libswscale */ = {
			isa = PBXGroup;
			children = (
				3468755421CD32C000D242EF /* version.h */,
				3468755521CD32C000D242EF /* swscale.h */,
			);
			path = libswscale;
			sourceTree = "<group>";
		};
		3468755821CD32C000D242EF /* libavcodec */ = {
			isa = PBXGroup;
			children = (
				3468755921CD32C000D242EF /* adts_parser.h */,
				3468755A21CD32C000D242EF /* avcodec.h */,
				3468755B21CD32C000D242EF /* mathops.h */,
				3468755C21CD32C000D242EF /* version.h */,
				3468755D21CD32C000D242EF /* vdpau.h */,
				3468755E21CD32C000D242EF /* qsv.h */,
				3468755F21CD32C000D242EF /* vaapi.h */,
				3468756021CD32C000D242EF /* videotoolbox.h */,
				3468756121CD32C000D242EF /* xvmc.h */,
				3468756221CD32C000D242EF /* mediacodec.h */,
				3468756321CD32C000D242EF /* d3d11va.h */,
				3468756421CD32C000D242EF /* avfft.h */,
				3468756521CD32C000D242EF /* jni.h */,
				3468756621CD32C000D242EF /* x86 */,
				3468756821CD32C000D242EF /* dirac.h */,
				3468756921CD32C000D242EF /* avdct.h */,
				3468756A21CD32C000D242EF /* arm */,
				3468756C21CD32C000D242EF /* ac3_parser.h */,
				3468756D21CD32C000D242EF /* vorbis_parser.h */,
				3468756E21CD32C000D242EF /* dxva2.h */,
				3468756F21CD32C000D242EF /* dv_profile.h */,
			);
			path = libavcodec;
			sourceTree = "<group>";
		};
		3468756621CD32C000D242EF /* x86 */ = {
			isa = PBXGroup;
			children = (
				3468756721CD32C000D242EF /* mathops.h */,
			);
			path = x86;
			sourceTree = "<group>";
		};
		3468756A21CD32C000D242EF /* arm */ = {
			isa = PBXGroup;
			children = (
				3468756B21CD32C000D242EF /* mathops.h */,
			);
			path = arm;
			sourceTree = "<group>";
		};
		3468757621CD32C000D242EF /* libswresample */ = {
			isa = PBXGroup;
			children = (
				3468757721CD32C000D242EF /* version.h */,
				3468757821CD32C000D242EF /* swresample.h */,
			);
			path = libswresample;
			sourceTree = "<group>";
		};
		3468757921CD32C000D242EF /* lib */ = {
			isa = PBXGroup;
			children = (
				3468757A21CD32C000D242EF /* libswscale.dylib */,
				3468757B21CD32C000D242EF /* libmobileffmpeg.dylib */,
				3468757C21CD32C000D242EF /* libavformat.dylib */,
				3468757D21CD32C000D242EF /* libavutil.dylib */,
				3468757E21CD32C000D242EF /* libavcodec.dylib */,
				3468757F21CD32C000D242EF /* libswresample.dylib */,
				3468758021CD32C000D242EF /* libavdevice.dylib */,
				3468758121CD32C000D242EF /* libavfilter.dylib */,
			);
			path = lib;
			sourceTree = "<group>";
		};
		346AA95920B2ED94000623FE /* Resources */ = {
			isa = PBXGroup;
			children = (
				348439EC20B2EFAF001A3990 /* colosseum.jpg */,
				34DC789921215B5800C3486C /* doppioone_regular.ttf */,
				348439EA20B2EFAF001A3990 /* pyramid.jpg */,
				34DC789A21215B5800C3486C /* sil_open_font_license.txt */,
				34DC789821215B5800C3486C /* subtitle.srt */,
				348439EB20B2EFAF001A3990 /* tajmahal.jpg */,
				34DC789721215B5800C3486C /* truenorg.otf */,
			);
			path = Resources;
			sourceTree = "<group>";
		};
		34FAE207209F7DDD005CE2AE = {
			isa = PBXGroup;
			children = (
				346874DE21CD32C000D242EF /* mobile-ffmpeg-universal */,
				346AA95920B2ED94000623FE /* Resources */,
				34FAE212209F7DDD005CE2AE /* MobileFFmpegTest */,
				34FAE211209F7DDD005CE2AE /* Products */,
				3468738221CD2ACB00D242EF /* Frameworks */,
			);
			sourceTree = "<group>";
		};
		34FAE211209F7DDD005CE2AE /* Products */ = {
			isa = PBXGroup;
			children = (
				34FAE210209F7DDD005CE2AE /* MobileFFmpegTest.app */,
			);
			name = Products;
			sourceTree = "<group>";
		};
		34FAE212209F7DDD005CE2AE /* MobileFFmpegTest */ = {
			isa = PBXGroup;
			children = (
				34FAE213209F7DDD005CE2AE /* AppDelegate.h */,
				34FAE214209F7DDD005CE2AE /* AppDelegate.m */,
				34FAE21F209F7DDE005CE2AE /* Assets.xcassets */,
				345745492113B8AD00059043 /* AudioViewController.h */,
				3457454A2113B8AD00059043 /* AudioViewController.m */,
				34FAE216209F7DDD005CE2AE /* CommandViewController.h */,
				34FAE217209F7DDD005CE2AE /* CommandViewController.m */,
				343E66B7210789DE00F95E5B /* Constants.h */,
				34BB547B2109D44800606B7C /* Constants.m */,
				343E66B3210784BD00F95E5B /* HttpsViewController.h */,
				343E66B4210784BD00F95E5B /* HttpsViewController.m */,
				34FAE224209F7DDE005CE2AE /* Info.plist */,
				34FAE221209F7DDE005CE2AE /* LaunchScreen.storyboard */,
				34FAE225209F7DDE005CE2AE /* main.m */,
				34FAE21C209F7DDD005CE2AE /* Main.storyboard */,
				3423D268217F7D4E00C3C7ED /* MediaInformationParserTests.h */,
				3423D266217F7CC100C3C7ED /* MediaInformationParserTests.m */,
				3457454D2113B8D300059043 /* SubtitleViewController.h */,
				3457454E2113B8D300059043 /* SubtitleViewController.m */,
				343E67072107C27600F95E5B /* TabBarController.h */,
				343E67082107C27600F95E5B /* TabBarController.m */,
				343E67032107AD0100F95E5B /* Util.h */,
				343E67042107AD0100F95E5B /* Util.m */,
				34FAE219209F7DDD005CE2AE /* VideoViewController.h */,
				34FAE21A209F7DDD005CE2AE /* VideoViewController.m */,
				340FABBC2115A17600B33CE7 /* VidStabViewController.h */,
				340FABBD2115A17600B33CE7 /* VidStabViewController.m */,
			);
			path = MobileFFmpegTest;
			sourceTree = "<group>";
		};
/* End PBXGroup section */

/* Begin PBXHeadersBuildPhase section */
		34F9744020A1A200004A1F68 /* Headers */ = {
			isa = PBXHeadersBuildPhase;
			buildActionMask = 2147483647;
			files = (
				346875FE21CD32C000D242EF /* jni.h in Headers */,
				346875E121CD32C000D242EF /* mathematics.h in Headers */,
				346875D521CD32C000D242EF /* parseutils.h in Headers */,
				346875E821CD32C000D242EF /* os_support.h in Headers */,
				346875C921CD32C000D242EF /* rc4.h in Headers */,
				346875C821CD32C000D242EF /* emms.h in Headers */,
				346875A421CD32C000D242EF /* frame.h in Headers */,
				346875B421CD32C000D242EF /* hwcontext_dxva2.h in Headers */,
				3468758B21CD32C000D242EF /* hwcontext.h in Headers */,
				3468760E21CD32C000D242EF /* swresample.h in Headers */,
				343E67092107C27600F95E5B /* TabBarController.h in Headers */,
				346875AA21CD32C000D242EF /* ffversion.h in Headers */,
				346875C421CD32C000D242EF /* macros.h in Headers */,
				346875F221CD32C000D242EF /* adts_parser.h in Headers */,
				346875F321CD32C000D242EF /* avcodec.h in Headers */,
				346875F521CD32C000D242EF /* version.h in Headers */,
				346875AF21CD32C000D242EF /* adler32.h in Headers */,
				346875C021CD32C000D242EF /* opt.h in Headers */,
				3468759821CD32C000D242EF /* samplefmt.h in Headers */,
				346875E621CD32C000D242EF /* version.h in Headers */,
				346875AE21CD32C000D242EF /* attributes.h in Headers */,
				346875FF21CD32C000D242EF /* mathops.h in Headers */,
				346875DF21CD32C000D242EF /* avassert.h in Headers */,
				346875CE21CD32C000D242EF /* channel_layout.h in Headers */,
				346875C721CD32C000D242EF /* timer.h in Headers */,
				346875EF21CD32C000D242EF /* swscale.h in Headers */,
				346875B621CD32C000D242EF /* buffer.h in Headers */,
				3468759A21CD32C000D242EF /* base64.h in Headers */,
				346875C121CD32C000D242EF /* mastering_display_metadata.h in Headers */,
				3468758621CD32C000D242EF /* version.h in Headers */,
				346875B321CD32C000D242EF /* timer.h in Headers */,
				346875F721CD32C000D242EF /* qsv.h in Headers */,
				3423D269217F7D4E00C3C7ED /* MediaInformationParserTests.h in Headers */,
				346875EB21CD32C000D242EF /* url.h in Headers */,
				346875E521CD32C000D242EF /* StatisticsDelegate.h in Headers */,
				346875DD21CD32C000D242EF /* timestamp.h in Headers */,
				346875F121CD32C000D242EF /* MobileFFmpeg.h in Headers */,
				346875C621CD32C000D242EF /* asm.h in Headers */,
				3468758821CD32C000D242EF /* buffersink.h in Headers */,
				3457454B2113B8AD00059043 /* AudioViewController.h in Headers */,
				3468760121CD32C000D242EF /* avdct.h in Headers */,
				346875AC21CD32C000D242EF /* tree.h in Headers */,
				3468759721CD32C000D242EF /* stereo3d.h in Headers */,
				346875D621CD32C000D242EF /* timer.h in Headers */,
				3468760221CD32C000D242EF /* mathops.h in Headers */,
				3468758521CD32C000D242EF /* MobileFFmpegConfig.h in Headers */,
				3468760A21CD32C000D242EF /* Statistics.h in Headers */,
				3468758921CD32C000D242EF /* avfilter.h in Headers */,
				346875E421CD32C000D242EF /* config.h in Headers */,
				346875C221CD32C000D242EF /* log.h in Headers */,
				3468760C21CD32C000D242EF /* fftools_ffmpeg.h in Headers */,
				346875F921CD32C000D242EF /* videotoolbox.h in Headers */,
				3468759F21CD32C000D242EF /* lfg.h in Headers */,
				346875D921CD32C000D242EF /* hwcontext_qsv.h in Headers */,
				3468759C21CD32C000D242EF /* sha.h in Headers */,
				3468760B21CD32C000D242EF /* MediaInformation.h in Headers */,
				346875A121CD32C000D242EF /* xtea.h in Headers */,
				346875EA21CD32C000D242EF /* network.h in Headers */,
				346875B721CD32C000D242EF /* camellia.h in Headers */,
				346875A321CD32C000D242EF /* hwcontext_vdpau.h in Headers */,
				346875D821CD32C000D242EF /* bprint.h in Headers */,
				3468759021CD32C000D242EF /* fifo.h in Headers */,
				346875AB21CD32C000D242EF /* audio_fifo.h in Headers */,
				346875E921CD32C000D242EF /* version.h in Headers */,
				3468759E21CD32C000D242EF /* avconfig.h in Headers */,
				3457454F2113B8D300059043 /* SubtitleViewController.h in Headers */,
				346875CB21CD32C000D242EF /* cpu.h in Headers */,
				3468758E21CD32C000D242EF /* intfloat.h in Headers */,
				346875D021CD32C000D242EF /* twofish.h in Headers */,
				346875B921CD32C000D242EF /* pixelutils.h in Headers */,
				3468759921CD32C000D242EF /* pixdesc.h in Headers */,
				346875D421CD32C000D242EF /* mem.h in Headers */,
				3468760421CD32C000D242EF /* vorbis_parser.h in Headers */,
				346875FB21CD32C000D242EF /* mediacodec.h in Headers */,
				346875BB21CD32C000D242EF /* common.h in Headers */,
				346875E021CD32C000D242EF /* hash.h in Headers */,
				346875A221CD32C000D242EF /* crc.h in Headers */,
				3468760021CD32C000D242EF /* dirac.h in Headers */,
				346875D321CD32C000D242EF /* libm.h in Headers */,
				3468758C21CD32C000D242EF /* time.h in Headers */,
				343E66B9210789DE00F95E5B /* Constants.h in Headers */,
				3468760721CD32C000D242EF /* MediaInformationParser.h in Headers */,
				346875C521CD32C000D242EF /* bswap.h in Headers */,
				346875F621CD32C000D242EF /* vdpau.h in Headers */,
				346875D221CD32C000D242EF /* hwcontext_videotoolbox.h in Headers */,
				346875C321CD32C000D242EF /* aes.h in Headers */,
				3468759521CD32C000D242EF /* version.h in Headers */,
				346875BF21CD32C000D242EF /* random_seed.h in Headers */,
				3468760821CD32C000D242EF /* LogDelegate.h in Headers */,
				346875B021CD32C000D242EF /* hwcontext_d3d11va.h in Headers */,
				346875A921CD32C000D242EF /* spherical.h in Headers */,
				3468760521CD32C000D242EF /* dxva2.h in Headers */,
				346875D121CD32C000D242EF /* imgutils.h in Headers */,
				3468760921CD32C000D242EF /* fftools_cmdutils.h in Headers */,
				346875A521CD32C000D242EF /* file.h in Headers */,
				3468759621CD32C000D242EF /* murmur3.h in Headers */,
				3468759221CD32C000D242EF /* hwcontext_mediacodec.h in Headers */,
				346875FC21CD32C000D242EF /* d3d11va.h in Headers */,
				343E67052107AD0100F95E5B /* Util.h in Headers */,
				346875B521CD32C000D242EF /* display.h in Headers */,
				3468758D21CD32C000D242EF /* hwcontext_cuda.h in Headers */,
				346875BA21CD32C000D242EF /* hwcontext_drm.h in Headers */,
				3468759D21CD32C000D242EF /* motion_vector.h in Headers */,
				346875B121CD32C000D242EF /* timecode.h in Headers */,
				3468758321CD32C000D242EF /* ArchDetect.h in Headers */,
				346875ED21CD32C000D242EF /* avformat.h in Headers */,
				346875FA21CD32C000D242EF /* xvmc.h in Headers */,
				346875DB21CD32C000D242EF /* aes_ctr.h in Headers */,
				346875A021CD32C000D242EF /* avutil.h in Headers */,
				346875D721CD32C000D242EF /* ripemd.h in Headers */,
				346875B821CD32C000D242EF /* thread.h in Headers */,
				3468760621CD32C000D242EF /* dv_profile.h in Headers */,
				346875FD21CD32C000D242EF /* avfft.h in Headers */,
				3468760D21CD32C000D242EF /* version.h in Headers */,
				346875E221CD32C000D242EF /* intreadwrite.h in Headers */,
				3468760321CD32C000D242EF /* ac3_parser.h in Headers */,
				346875E721CD32C000D242EF /* avdevice.h in Headers */,
				346875A621CD32C000D242EF /* md5.h in Headers */,
				346875CD21CD32C000D242EF /* des.h in Headers */,
				346875F021CD32C000D242EF /* StreamInformation.h in Headers */,
				3468759321CD32C000D242EF /* replaygain.h in Headers */,
				346875BE21CD32C000D242EF /* dict.h in Headers */,
				3468758A21CD32C000D242EF /* reverse.h in Headers */,
				343E66B5210784BD00F95E5B /* HttpsViewController.h in Headers */,
				346875F821CD32C000D242EF /* vaapi.h in Headers */,
				346875F421CD32C000D242EF /* mathops.h in Headers */,
				346875DC21CD32C000D242EF /* timer.h in Headers */,
				340FABBE2115A17600B33CE7 /* VidStabViewController.h in Headers */,
				346875BC21CD32C000D242EF /* hmac.h in Headers */,
				346875AD21CD32C000D242EF /* threadmessage.h in Headers */,
				346875CA21CD32C000D242EF /* tea.h in Headers */,
				346875E321CD32C000D242EF /* avstring.h in Headers */,
				3468759B21CD32C000D242EF /* rational.h in Headers */,
				346875A721CD32C000D242EF /* cast5.h in Headers */,
				346875EC21CD32C000D242EF /* avio.h in Headers */,
				3468758F21CD32C000D242EF /* error.h in Headers */,
				346875DA21CD32C000D242EF /* pixfmt.h in Headers */,
				346875B221CD32C000D242EF /* sha512.h in Headers */,
				346875A821CD32C000D242EF /* hwcontext_vaapi.h in Headers */,
				346875CC21CD32C000D242EF /* lzo.h in Headers */,
				346875DE21CD32C000D242EF /* downmix_info.h in Headers */,
				346875EE21CD32C000D242EF /* version.h in Headers */,
				3468759121CD32C000D242EF /* blowfish.h in Headers */,
				3468758421CD32C000D242EF /* mobileffmpeg_exception.h in Headers */,
				3468758721CD32C000D242EF /* buffersrc.h in Headers */,
				346875CF21CD32C000D242EF /* encryption_info.h in Headers */,
				346875BD21CD32C000D242EF /* eval.h in Headers */,
				3468759421CD32C000D242EF /* internal.h in Headers */,
			);
			runOnlyForDeploymentPostprocessing = 0;
		};
/* End PBXHeadersBuildPhase section */

/* Begin PBXNativeTarget section */
		34FAE20F209F7DDD005CE2AE /* MobileFFmpegTest */ = {
			isa = PBXNativeTarget;
			buildConfigurationList = 34FAE229209F7DDE005CE2AE /* Build configuration list for PBXNativeTarget "MobileFFmpegTest" */;
			buildPhases = (
				34FAE20C209F7DDD005CE2AE /* Sources */,
				34FAE20D209F7DDD005CE2AE /* Frameworks */,
				34FAE20E209F7DDD005CE2AE /* Resources */,
				34F9744020A1A200004A1F68 /* Headers */,
				3452D8CF20A373640045E6B0 /* Embed Frameworks */,
				34A65DE421CCF209002B5E28 /* ShellScript */,
			);
			buildRules = (
			);
			dependencies = (
			);
			name = MobileFFmpegTest;
			productName = MobileFFmpegTest;
			productReference = 34FAE210209F7DDD005CE2AE /* MobileFFmpegTest.app */;
			productType = "com.apple.product-type.application";
		};
/* End PBXNativeTarget section */

/* Begin PBXProject section */
		34FAE208209F7DDD005CE2AE /* Project object */ = {
			isa = PBXProject;
			attributes = {
				LastUpgradeCheck = 0930;
				ORGANIZATIONNAME = ARTHENICA;
				TargetAttributes = {
					34FAE20F209F7DDD005CE2AE = {
						CreatedOnToolsVersion = 9.3;
						DevelopmentTeam = 98GD5J4999;
						ProvisioningStyle = Automatic;
					};
				};
			};
			buildConfigurationList = 34FAE20B209F7DDD005CE2AE /* Build configuration list for PBXProject "MobileFFmpegTest" */;
			compatibilityVersion = "Xcode 8.0";
			developmentRegion = en;
			hasScannedForEncodings = 0;
			knownRegions = (
				en,
				Base,
			);
			mainGroup = 34FAE207209F7DDD005CE2AE;
			productRefGroup = 34FAE211209F7DDD005CE2AE /* Products */;
			projectDirPath = "";
			projectRoot = "";
			targets = (
				34FAE20F209F7DDD005CE2AE /* MobileFFmpegTest */,
			);
		};
/* End PBXProject section */

/* Begin PBXResourcesBuildPhase section */
		34FAE20E209F7DDD005CE2AE /* Resources */ = {
			isa = PBXResourcesBuildPhase;
			buildActionMask = 2147483647;
			files = (
				348439ED20B2EFAF001A3990 /* pyramid.jpg in Resources */,
				34DC789D21215B5800C3486C /* doppioone_regular.ttf in Resources */,
				34DC789E21215B5800C3486C /* sil_open_font_license.txt in Resources */,
				34FAE223209F7DDE005CE2AE /* LaunchScreen.storyboard in Resources */,
				348439EF20B2EFAF001A3990 /* colosseum.jpg in Resources */,
				3468758221CD32C000D242EF /* LICENSE in Resources */,
				34FAE220209F7DDE005CE2AE /* Assets.xcassets in Resources */,
				34DC789B21215B5800C3486C /* truenorg.otf in Resources */,
				3468761821CD32DC00D242EF /* strip-frameworks.sh in Resources */,
				34FAE21E209F7DDD005CE2AE /* Main.storyboard in Resources */,
				348439EE20B2EFAF001A3990 /* tajmahal.jpg in Resources */,
				34DC789C21215B5800C3486C /* subtitle.srt in Resources */,
			);
			runOnlyForDeploymentPostprocessing = 0;
		};
/* End PBXResourcesBuildPhase section */

/* Begin PBXShellScriptBuildPhase section */
		34A65DE421CCF209002B5E28 /* ShellScript */ = {
			isa = PBXShellScriptBuildPhase;
			buildActionMask = 2147483647;
			files = (
			);
			inputFileListPaths = (
			);
			inputPaths = (
			);
			outputFileListPaths = (
			);
			outputPaths = (
			);
			runOnlyForDeploymentPostprocessing = 0;
			shellPath = /bin/sh;
			shellScript = "bash \"$BUILT_PRODUCTS_DIR/$EXECUTABLE_FOLDER_PATH/strip-frameworks.sh\"\n";
		};
/* End PBXShellScriptBuildPhase section */

/* Begin PBXSourcesBuildPhase section */
		34FAE20C209F7DDD005CE2AE /* Sources */ = {
			isa = PBXSourcesBuildPhase;
			buildActionMask = 2147483647;
			files = (
				34FAE21B209F7DDD005CE2AE /* VideoViewController.m in Sources */,
				34FAE215209F7DDD005CE2AE /* AppDelegate.m in Sources */,
				34FAE226209F7DDE005CE2AE /* main.m in Sources */,
				343E66B6210784BD00F95E5B /* HttpsViewController.m in Sources */,
				340FABBF2115A17600B33CE7 /* VidStabViewController.m in Sources */,
				34FAE218209F7DDD005CE2AE /* CommandViewController.m in Sources */,
				3423D267217F7CC100C3C7ED /* MediaInformationParserTests.m in Sources */,
				343E670A2107C27600F95E5B /* TabBarController.m in Sources */,
				345745502113B8D300059043 /* SubtitleViewController.m in Sources */,
				343E67062107AD0100F95E5B /* Util.m in Sources */,
				3457454C2113B8AD00059043 /* AudioViewController.m in Sources */,
				34BB547C2109D44800606B7C /* Constants.m in Sources */,
			);
			runOnlyForDeploymentPostprocessing = 0;
		};
/* End PBXSourcesBuildPhase section */

/* Begin PBXVariantGroup section */
		34FAE21C209F7DDD005CE2AE /* Main.storyboard */ = {
			isa = PBXVariantGroup;
			children = (
				34FAE21D209F7DDD005CE2AE /* Base */,
			);
			name = Main.storyboard;
			sourceTree = "<group>";
		};
		34FAE221209F7DDE005CE2AE /* LaunchScreen.storyboard */ = {
			isa = PBXVariantGroup;
			children = (
				34FAE222209F7DDE005CE2AE /* Base */,
			);
			name = LaunchScreen.storyboard;
			sourceTree = "<group>";
		};
/* End PBXVariantGroup section */

/* Begin XCBuildConfiguration section */
		34FAE227209F7DDE005CE2AE /* Debug */ = {
			isa = XCBuildConfiguration;
			buildSettings = {
				ALWAYS_EMBED_SWIFT_STANDARD_LIBRARIES = NO;
				ALWAYS_SEARCH_USER_PATHS = NO;
				CLANG_ANALYZER_NONNULL = YES;
				CLANG_ANALYZER_NUMBER_OBJECT_CONVERSION = YES_AGGRESSIVE;
				CLANG_CXX_LANGUAGE_STANDARD = "gnu++14";
				CLANG_CXX_LIBRARY = "libc++";
				CLANG_ENABLE_MODULES = YES;
				CLANG_ENABLE_OBJC_ARC = YES;
				CLANG_ENABLE_OBJC_WEAK = YES;
				CLANG_WARN_BLOCK_CAPTURE_AUTORELEASING = YES;
				CLANG_WARN_BOOL_CONVERSION = YES;
				CLANG_WARN_COMMA = YES;
				CLANG_WARN_CONSTANT_CONVERSION = YES;
				CLANG_WARN_DEPRECATED_OBJC_IMPLEMENTATIONS = YES;
				CLANG_WARN_DIRECT_OBJC_ISA_USAGE = YES_ERROR;
				CLANG_WARN_DOCUMENTATION_COMMENTS = YES;
				CLANG_WARN_EMPTY_BODY = YES;
				CLANG_WARN_ENUM_CONVERSION = YES;
				CLANG_WARN_INFINITE_RECURSION = YES;
				CLANG_WARN_INT_CONVERSION = YES;
				CLANG_WARN_NON_LITERAL_NULL_CONVERSION = YES;
				CLANG_WARN_OBJC_IMPLICIT_RETAIN_SELF = YES;
				CLANG_WARN_OBJC_LITERAL_CONVERSION = YES;
				CLANG_WARN_OBJC_ROOT_CLASS = YES_ERROR;
				CLANG_WARN_RANGE_LOOP_ANALYSIS = YES;
				CLANG_WARN_STRICT_PROTOTYPES = YES;
				CLANG_WARN_SUSPICIOUS_MOVE = YES;
				CLANG_WARN_UNGUARDED_AVAILABILITY = YES_AGGRESSIVE;
				CLANG_WARN_UNREACHABLE_CODE = YES;
				CLANG_WARN__DUPLICATE_METHOD_MATCH = YES;
				CODE_SIGN_IDENTITY = "iPhone Developer";
				COPY_PHASE_STRIP = NO;
				DEBUG_INFORMATION_FORMAT = dwarf;
				ENABLE_STRICT_OBJC_MSGSEND = YES;
				ENABLE_TESTABILITY = YES;
				GCC_C_LANGUAGE_STANDARD = gnu11;
				GCC_DYNAMIC_NO_PIC = NO;
				GCC_NO_COMMON_BLOCKS = YES;
				GCC_OPTIMIZATION_LEVEL = 0;
				GCC_PREPROCESSOR_DEFINITIONS = (
					"DEBUG=1",
					"$(inherited)",
				);
				GCC_WARN_64_TO_32_BIT_CONVERSION = YES;
				GCC_WARN_ABOUT_RETURN_TYPE = YES_ERROR;
				GCC_WARN_UNDECLARED_SELECTOR = YES;
				GCC_WARN_UNINITIALIZED_AUTOS = YES_AGGRESSIVE;
				GCC_WARN_UNUSED_FUNCTION = YES;
				GCC_WARN_UNUSED_VARIABLE = YES;
				IPHONEOS_DEPLOYMENT_TARGET = 11.3;
				MTL_ENABLE_DEBUG_INFO = YES;
				ONLY_ACTIVE_ARCH = YES;
				OTHER_CODE_SIGN_FLAGS = "";
				OTHER_LIBTOOLFLAGS = "-liconv";
				SDKROOT = iphoneos;
			};
			name = Debug;
		};
		34FAE228209F7DDE005CE2AE /* Release */ = {
			isa = XCBuildConfiguration;
			buildSettings = {
				ALWAYS_EMBED_SWIFT_STANDARD_LIBRARIES = NO;
				ALWAYS_SEARCH_USER_PATHS = NO;
				CLANG_ANALYZER_NONNULL = YES;
				CLANG_ANALYZER_NUMBER_OBJECT_CONVERSION = YES_AGGRESSIVE;
				CLANG_CXX_LANGUAGE_STANDARD = "gnu++14";
				CLANG_CXX_LIBRARY = "libc++";
				CLANG_ENABLE_MODULES = YES;
				CLANG_ENABLE_OBJC_ARC = YES;
				CLANG_ENABLE_OBJC_WEAK = YES;
				CLANG_WARN_BLOCK_CAPTURE_AUTORELEASING = YES;
				CLANG_WARN_BOOL_CONVERSION = YES;
				CLANG_WARN_COMMA = YES;
				CLANG_WARN_CONSTANT_CONVERSION = YES;
				CLANG_WARN_DEPRECATED_OBJC_IMPLEMENTATIONS = YES;
				CLANG_WARN_DIRECT_OBJC_ISA_USAGE = YES_ERROR;
				CLANG_WARN_DOCUMENTATION_COMMENTS = YES;
				CLANG_WARN_EMPTY_BODY = YES;
				CLANG_WARN_ENUM_CONVERSION = YES;
				CLANG_WARN_INFINITE_RECURSION = YES;
				CLANG_WARN_INT_CONVERSION = YES;
				CLANG_WARN_NON_LITERAL_NULL_CONVERSION = YES;
				CLANG_WARN_OBJC_IMPLICIT_RETAIN_SELF = YES;
				CLANG_WARN_OBJC_LITERAL_CONVERSION = YES;
				CLANG_WARN_OBJC_ROOT_CLASS = YES_ERROR;
				CLANG_WARN_RANGE_LOOP_ANALYSIS = YES;
				CLANG_WARN_STRICT_PROTOTYPES = YES;
				CLANG_WARN_SUSPICIOUS_MOVE = YES;
				CLANG_WARN_UNGUARDED_AVAILABILITY = YES_AGGRESSIVE;
				CLANG_WARN_UNREACHABLE_CODE = YES;
				CLANG_WARN__DUPLICATE_METHOD_MATCH = YES;
				CODE_SIGN_IDENTITY = "iPhone Developer";
				COPY_PHASE_STRIP = NO;
				DEBUG_INFORMATION_FORMAT = "dwarf-with-dsym";
				ENABLE_NS_ASSERTIONS = NO;
				ENABLE_STRICT_OBJC_MSGSEND = YES;
				GCC_C_LANGUAGE_STANDARD = gnu11;
				GCC_NO_COMMON_BLOCKS = YES;
				GCC_WARN_64_TO_32_BIT_CONVERSION = YES;
				GCC_WARN_ABOUT_RETURN_TYPE = YES_ERROR;
				GCC_WARN_UNDECLARED_SELECTOR = YES;
				GCC_WARN_UNINITIALIZED_AUTOS = YES_AGGRESSIVE;
				GCC_WARN_UNUSED_FUNCTION = YES;
				GCC_WARN_UNUSED_VARIABLE = YES;
				IPHONEOS_DEPLOYMENT_TARGET = 11.3;
				MTL_ENABLE_DEBUG_INFO = NO;
				OTHER_CODE_SIGN_FLAGS = "";
				OTHER_LIBTOOLFLAGS = "-liconv";
				SDKROOT = iphoneos;
				VALIDATE_PRODUCT = YES;
			};
			name = Release;
		};
		34FAE22A209F7DDE005CE2AE /* Debug */ = {
			isa = XCBuildConfiguration;
			buildSettings = {
				ALWAYS_EMBED_SWIFT_STANDARD_LIBRARIES = NO;
				ASSETCATALOG_COMPILER_APPICON_NAME = AppIcon;
				CODE_SIGN_IDENTITY = "iPhone Developer";
				CODE_SIGN_STYLE = Automatic;
				DEVELOPMENT_TEAM = 98GD5J4999;
				FRAMEWORK_SEARCH_PATHS = (
					"$(inherited)",
					"$(PROJECT_DIR)",
				);
				HEADER_SEARCH_PATHS = (
					"$(inherited)",
					"$(PROJECT_DIR)/mobile-ffmpeg-universal/include",
				);
				INFOPLIST_FILE = MobileFFmpegTest/Info.plist;
				IPHONEOS_DEPLOYMENT_TARGET = 9.3;
				LD_RUNPATH_SEARCH_PATHS = "@loader_path/Frameworks";
				LIBRARY_SEARCH_PATHS = (
					"$(inherited)",
					"$(PROJECT_DIR)/mobile-ffmpeg-universal/lib",
				);
				OTHER_CODE_SIGN_FLAGS = "--deep";
				OTHER_LDFLAGS = "$(inherited)";
				PRODUCT_BUNDLE_IDENTIFIER = com.arthenica.mobileffmpeg.test.MobileFFmpegTest;
				PRODUCT_NAME = "$(TARGET_NAME)";
				PROVISIONING_PROFILE_SPECIFIER = "";
				TARGETED_DEVICE_FAMILY = "1,2";
			};
			name = Debug;
		};
		34FAE22B209F7DDE005CE2AE /* Release */ = {
			isa = XCBuildConfiguration;
			buildSettings = {
				ALWAYS_EMBED_SWIFT_STANDARD_LIBRARIES = NO;
				ASSETCATALOG_COMPILER_APPICON_NAME = AppIcon;
				CODE_SIGN_IDENTITY = "iPhone Developer";
				CODE_SIGN_STYLE = Automatic;
				DEVELOPMENT_TEAM = 98GD5J4999;
				FRAMEWORK_SEARCH_PATHS = (
					"$(inherited)",
					"$(PROJECT_DIR)",
				);
				HEADER_SEARCH_PATHS = (
					"$(inherited)",
					"$(PROJECT_DIR)/mobile-ffmpeg-universal/include",
				);
				INFOPLIST_FILE = MobileFFmpegTest/Info.plist;
				IPHONEOS_DEPLOYMENT_TARGET = 9.3;
				LD_RUNPATH_SEARCH_PATHS = "@loader_path/Frameworks";
				LIBRARY_SEARCH_PATHS = (
					"$(inherited)",
					"$(PROJECT_DIR)/mobile-ffmpeg-universal/lib",
				);
				OTHER_CODE_SIGN_FLAGS = "--deep";
				OTHER_LDFLAGS = "$(inherited)";
				PRODUCT_BUNDLE_IDENTIFIER = com.arthenica.mobileffmpeg.test.MobileFFmpegTest;
				PRODUCT_NAME = "$(TARGET_NAME)";
				PROVISIONING_PROFILE_SPECIFIER = "";
				TARGETED_DEVICE_FAMILY = "1,2";
			};
			name = Release;
		};
/* End XCBuildConfiguration section */

/* Begin XCConfigurationList section */
		34FAE20B209F7DDD005CE2AE /* Build configuration list for PBXProject "MobileFFmpegTest" */ = {
			isa = XCConfigurationList;
			buildConfigurations = (
				34FAE227209F7DDE005CE2AE /* Debug */,
				34FAE228209F7DDE005CE2AE /* Release */,
			);
			defaultConfigurationIsVisible = 0;
			defaultConfigurationName = Release;
		};
		34FAE229209F7DDE005CE2AE /* Build configuration list for PBXNativeTarget "MobileFFmpegTest" */ = {
			isa = XCConfigurationList;
			buildConfigurations = (
				34FAE22A209F7DDE005CE2AE /* Debug */,
				34FAE22B209F7DDE005CE2AE /* Release */,
			);
			defaultConfigurationIsVisible = 0;
			defaultConfigurationName = Release;
		};
/* End XCConfigurationList section */
	};
	rootObject = 34FAE208209F7DDD005CE2AE /* Project object */;
}
