PODS:
  - mobile-ffmpeg-full (3.1)
  - NMEasyTipView (1.2)

DEPENDENCIES:
  - mobile-ffmpeg-full (~> 3.1)
  - NMEasyTipView (~> 1.2)

SPEC REPOS:
  https://github.com/cocoapods/specs.git:
    - mobile-ffmpeg-full
    - NMEasyTipView

SPEC CHECKSUMS:
  mobile-ffmpeg-full: ab9728f93c506e99cec20e8051140a67e35f99f9
  NMEasyTipView: 04948bb8ee01b22957095e1427be972115b57d02

PODFILE CHECKSUM: 3bd865764536ec73fe1691f9e45e7c5fd662d9f7

COCOAPODS: 1.6.0.beta.2
